// !$*UTF8*$!
{
	archiveVersion = 1;
	classes = {
	};
	objectVersion = 50;
	objects = {

/* Begin PBXBuildFile section */
		A53ADFEF2375AA1600B07957 /* SceneDelegate.swift in Sources */ = {isa = PBXBuildFile; fileRef = A53ADFEE2375AA1600B07957 /* SceneDelegate.swift */; };
		A53ADFF62375AA1700B07957 /* Assets.xcassets in Resources */ = {isa = PBXBuildFile; fileRef = A53ADFF52375AA1700B07957 /* Assets.xcassets */; };
		A53ADFF92375AA1700B07957 /* LaunchScreen.storyboard in Resources */ = {isa = PBXBuildFile; fileRef = A53ADFF72375AA1700B07957 /* LaunchScreen.storyboard */; };
		A53AE00C2375AAAE00B07957 /* KeyboardKit.framework in Frameworks */ = {isa = PBXBuildFile; fileRef = A53AE0052375AAAE00B07957 /* KeyboardKit.framework */; };
		A53AE00D2375AAAE00B07957 /* KeyboardKit.framework in Embed Frameworks */ = {isa = PBXBuildFile; fileRef = A53AE0052375AAAE00B07957 /* KeyboardKit.framework */; settings = {ATTRIBUTES = (CodeSignOnCopy, RemoveHeadersOnCopy, ); }; };
		A53AE01723786CD000B07957 /* KeyCommandCreation.swift in Sources */ = {isa = PBXBuildFile; fileRef = A53AE01223786CD000B07957 /* KeyCommandCreation.swift */; };
		A53AE01823786CD000B07957 /* KeyboardTabBarController.swift in Sources */ = {isa = PBXBuildFile; fileRef = A53AE01323786CD000B07957 /* KeyboardTabBarController.swift */; };
		A53AE01A23786CD000B07957 /* KeyboardCollectionView.swift in Sources */ = {isa = PBXBuildFile; fileRef = A53AE01523786CD000B07957 /* KeyboardCollectionView.swift */; };
		A53AE01B23786CD000B07957 /* KeyboardTableView.swift in Sources */ = {isa = PBXBuildFile; fileRef = A53AE01623786CD000B07957 /* KeyboardTableView.swift */; };
		A53AE02023786CDC00B07957 /* SimpleListViewController.swift in Sources */ = {isa = PBXBuildFile; fileRef = A53AE01C23786CDC00B07957 /* SimpleListViewController.swift */; };
		A53AE02223786CDC00B07957 /* FlowLayoutViewController.swift in Sources */ = {isa = PBXBuildFile; fileRef = A53AE01E23786CDC00B07957 /* FlowLayoutViewController.swift */; };
		A53EA62B239F04E80065C8EB /* FirstResponderViewController.swift in Sources */ = {isa = PBXBuildFile; fileRef = A53EA62A239F04E80065C8EB /* FirstResponderViewController.swift */; };
		A53EA62E239F1C4D0065C8EB /* KeyValueCoding.h in Headers */ = {isa = PBXBuildFile; fileRef = A53EA62C239F1C4D0065C8EB /* KeyValueCoding.h */; settings = {ATTRIBUTES = (Public, ); }; };
		A53EA62F239F1C4D0065C8EB /* KeyValueCoding.m in Sources */ = {isa = PBXBuildFile; fileRef = A53EA62D239F1C4D0065C8EB /* KeyValueCoding.m */; };
		A542D89C23A01DC8007E68C3 /* PointAnimator.swift in Sources */ = {isa = PBXBuildFile; fileRef = A542D89B23A01DC8007E68C3 /* PointAnimator.swift */; };
		A54EFB1023AADEB8001776A2 /* TextInput.swift in Sources */ = {isa = PBXBuildFile; fileRef = A54EFB0F23AADEB8001776A2 /* TextInput.swift */; };
		A56FFD532398718100E13773 /* KeyboardNavigationController.swift in Sources */ = {isa = PBXBuildFile; fileRef = A56FFD522398718100E13773 /* KeyboardNavigationController.swift */; };
		A56FFD55239871A800E13773 /* KeyboardBarButtonItem.swift in Sources */ = {isa = PBXBuildFile; fileRef = A56FFD54239871A800E13773 /* KeyboardBarButtonItem.swift */; };
		A56FFD582398776C00E13773 /* BarButtonItem.h in Headers */ = {isa = PBXBuildFile; fileRef = A56FFD562398776C00E13773 /* BarButtonItem.h */; settings = {ATTRIBUTES = (Public, ); }; };
		A56FFD592398776C00E13773 /* BarButtonItem.m in Sources */ = {isa = PBXBuildFile; fileRef = A56FFD572398776C00E13773 /* BarButtonItem.m */; };
		A56FFD5B2398779000E13773 /* KeyboardKit.h in Headers */ = {isa = PBXBuildFile; fileRef = A56FFD5A2398778400E13773 /* KeyboardKit.h */; settings = {ATTRIBUTES = (Public, ); }; };
		A5880D0323A5A24200A6E4DF /* SelectableCollectionKeyHandler.swift in Sources */ = {isa = PBXBuildFile; fileRef = A5880D0223A5A24200A6E4DF /* SelectableCollectionKeyHandler.swift */; };
		A5CDD2192394396D00EFF38A /* CirclesScrollViewController.swift in Sources */ = {isa = PBXBuildFile; fileRef = A5CDD2182394396D00EFF38A /* CirclesScrollViewController.swift */; };
		A5CEF29723982F9F0099A19D /* PagingScrollViewController.swift in Sources */ = {isa = PBXBuildFile; fileRef = A5CEF29623982F9F0099A19D /* PagingScrollViewController.swift */; };
		A5D20F3E23787DA80057A8EE /* main.swift in Sources */ = {isa = PBXBuildFile; fileRef = A5D20F3D23787DA80057A8EE /* main.swift */; };
		A5D20F44237E9AE90057A8EE /* KeyboardScrollView.swift in Sources */ = {isa = PBXBuildFile; fileRef = A5D20F43237E9AE90057A8EE /* KeyboardScrollView.swift */; };
		A5D8C55823A392A600733DD4 /* KeyboardWindow.swift in Sources */ = {isa = PBXBuildFile; fileRef = A5D8C55723A392A600733DD4 /* KeyboardWindow.swift */; };
		A5D8C55A23A44BBC00733DD4 /* ScrollViewKeyHandler.swift in Sources */ = {isa = PBXBuildFile; fileRef = A5D8C55923A44BBC00733DD4 /* ScrollViewKeyHandler.swift */; };
		A5D8C55E23A4ED0F00733DD4 /* InjectableResponder.swift in Sources */ = {isa = PBXBuildFile; fileRef = A5D8C55D23A4ED0F00733DD4 /* InjectableResponder.swift */; };
		A5E5389B239B036F004A2EE2 /* LocalisedStrings.swift in Sources */ = {isa = PBXBuildFile; fileRef = A5E53897239B036F004A2EE2 /* LocalisedStrings.swift */; };
		A5E5389D239B036F004A2EE2 /* LocalisedStringKeys.swift in Sources */ = {isa = PBXBuildFile; fileRef = A5E53899239B036F004A2EE2 /* LocalisedStringKeys.swift */; };
		A5E5389F239B0387004A2EE2 /* Localizable.strings in Resources */ = {isa = PBXBuildFile; fileRef = A5E538A1239B0387004A2EE2 /* Localizable.strings */; };
		A5E538A5239B0596004A2EE2 /* KeyboardWindowScene.swift in Sources */ = {isa = PBXBuildFile; fileRef = A5E538A3239B0596004A2EE2 /* KeyboardWindowScene.swift */; };
		A5E538A6239B0596004A2EE2 /* KeyboardApplication.swift in Sources */ = {isa = PBXBuildFile; fileRef = A5E538A4239B0596004A2EE2 /* KeyboardApplication.swift */; };
		A5E538AA239BF644004A2EE2 /* KeyboardTextView.swift in Sources */ = {isa = PBXBuildFile; fileRef = A5E538A9239BF644004A2EE2 /* KeyboardTextView.swift */; };
		A5E538C6239BFB85004A2EE2 /* TextViewController.swift in Sources */ = {isa = PBXBuildFile; fileRef = A5E538C5239BFB85004A2EE2 /* TextViewController.swift */; };
/* End PBXBuildFile section */

/* Begin PBXContainerItemProxy section */
		A53AE00A2375AAAE00B07957 /* PBXContainerItemProxy */ = {
			isa = PBXContainerItemProxy;
			containerPortal = A53ADFE12375AA1600B07957 /* Project object */;
			proxyType = 1;
			remoteGlobalIDString = A53AE0042375AAAE00B07957;
			remoteInfo = KeyboardKit;
		};
/* End PBXContainerItemProxy section */

/* Begin PBXCopyFilesBuildPhase section */
		A53AE0112375AAAE00B07957 /* Embed Frameworks */ = {
			isa = PBXCopyFilesBuildPhase;
			buildActionMask = 2147483647;
			dstPath = "";
			dstSubfolderSpec = 10;
			files = (
				A53AE00D2375AAAE00B07957 /* KeyboardKit.framework in Embed Frameworks */,
			);
			name = "Embed Frameworks";
			runOnlyForDeploymentPostprocessing = 0;
		};
/* End PBXCopyFilesBuildPhase section */

/* Begin PBXFileReference section */
		A53ADFE92375AA1600B07957 /* KeyboardKitDemo.app */ = {isa = PBXFileReference; explicitFileType = wrapper.application; includeInIndex = 0; path = KeyboardKitDemo.app; sourceTree = BUILT_PRODUCTS_DIR; };
		A53ADFEE2375AA1600B07957 /* SceneDelegate.swift */ = {isa = PBXFileReference; lastKnownFileType = sourcecode.swift; path = SceneDelegate.swift; sourceTree = "<group>"; };
		A53ADFF52375AA1700B07957 /* Assets.xcassets */ = {isa = PBXFileReference; lastKnownFileType = folder.assetcatalog; path = Assets.xcassets; sourceTree = "<group>"; };
		A53ADFF82375AA1700B07957 /* Base */ = {isa = PBXFileReference; lastKnownFileType = file.storyboard; name = Base; path = Base.lproj/LaunchScreen.storyboard; sourceTree = "<group>"; };
		A53ADFFA2375AA1700B07957 /* Info.plist */ = {isa = PBXFileReference; lastKnownFileType = text.plist.xml; path = Info.plist; sourceTree = "<group>"; };
		A53AE0052375AAAE00B07957 /* KeyboardKit.framework */ = {isa = PBXFileReference; explicitFileType = wrapper.framework; includeInIndex = 0; path = KeyboardKit.framework; sourceTree = BUILT_PRODUCTS_DIR; };
		A53AE0082375AAAE00B07957 /* Info.plist */ = {isa = PBXFileReference; lastKnownFileType = text.plist.xml; path = Info.plist; sourceTree = "<group>"; };
		A53AE01223786CD000B07957 /* KeyCommandCreation.swift */ = {isa = PBXFileReference; fileEncoding = 4; lastKnownFileType = sourcecode.swift; name = KeyCommandCreation.swift; path = KeyboardKit/KeyCommandCreation.swift; sourceTree = SOURCE_ROOT; };
		A53AE01323786CD000B07957 /* KeyboardTabBarController.swift */ = {isa = PBXFileReference; fileEncoding = 4; lastKnownFileType = sourcecode.swift; name = KeyboardTabBarController.swift; path = KeyboardKit/KeyboardTabBarController.swift; sourceTree = SOURCE_ROOT; };
		A53AE01523786CD000B07957 /* KeyboardCollectionView.swift */ = {isa = PBXFileReference; fileEncoding = 4; lastKnownFileType = sourcecode.swift; name = KeyboardCollectionView.swift; path = KeyboardKit/KeyboardCollectionView.swift; sourceTree = SOURCE_ROOT; };
		A53AE01623786CD000B07957 /* KeyboardTableView.swift */ = {isa = PBXFileReference; fileEncoding = 4; lastKnownFileType = sourcecode.swift; name = KeyboardTableView.swift; path = KeyboardKit/KeyboardTableView.swift; sourceTree = SOURCE_ROOT; };
		A53AE01C23786CDC00B07957 /* SimpleListViewController.swift */ = {isa = PBXFileReference; fileEncoding = 4; lastKnownFileType = sourcecode.swift; name = SimpleListViewController.swift; path = KeyboardKitDemo/SimpleListViewController.swift; sourceTree = SOURCE_ROOT; };
		A53AE01E23786CDC00B07957 /* FlowLayoutViewController.swift */ = {isa = PBXFileReference; fileEncoding = 4; lastKnownFileType = sourcecode.swift; name = FlowLayoutViewController.swift; path = KeyboardKitDemo/FlowLayoutViewController.swift; sourceTree = SOURCE_ROOT; };
		A53EA62A239F04E80065C8EB /* FirstResponderViewController.swift */ = {isa = PBXFileReference; lastKnownFileType = sourcecode.swift; path = FirstResponderViewController.swift; sourceTree = "<group>"; };
		A53EA62C239F1C4D0065C8EB /* KeyValueCoding.h */ = {isa = PBXFileReference; lastKnownFileType = sourcecode.c.h; path = KeyValueCoding.h; sourceTree = "<group>"; };
		A53EA62D239F1C4D0065C8EB /* KeyValueCoding.m */ = {isa = PBXFileReference; lastKnownFileType = sourcecode.c.objc; path = KeyValueCoding.m; sourceTree = "<group>"; };
		A542D89B23A01DC8007E68C3 /* PointAnimator.swift */ = {isa = PBXFileReference; lastKnownFileType = sourcecode.swift; path = PointAnimator.swift; sourceTree = "<group>"; };
		A54EFB0F23AADEB8001776A2 /* TextInput.swift */ = {isa = PBXFileReference; lastKnownFileType = sourcecode.swift; path = TextInput.swift; sourceTree = "<group>"; };
		A56FFD522398718100E13773 /* KeyboardNavigationController.swift */ = {isa = PBXFileReference; lastKnownFileType = sourcecode.swift; path = KeyboardNavigationController.swift; sourceTree = "<group>"; };
		A56FFD54239871A800E13773 /* KeyboardBarButtonItem.swift */ = {isa = PBXFileReference; lastKnownFileType = sourcecode.swift; path = KeyboardBarButtonItem.swift; sourceTree = "<group>"; };
		A56FFD562398776C00E13773 /* BarButtonItem.h */ = {isa = PBXFileReference; lastKnownFileType = sourcecode.c.h; path = BarButtonItem.h; sourceTree = "<group>"; };
		A56FFD572398776C00E13773 /* BarButtonItem.m */ = {isa = PBXFileReference; lastKnownFileType = sourcecode.c.objc; path = BarButtonItem.m; sourceTree = "<group>"; };
		A56FFD5A2398778400E13773 /* KeyboardKit.h */ = {isa = PBXFileReference; lastKnownFileType = sourcecode.c.h; path = KeyboardKit.h; sourceTree = "<group>"; };
		A5880D0223A5A24200A6E4DF /* SelectableCollectionKeyHandler.swift */ = {isa = PBXFileReference; lastKnownFileType = sourcecode.swift; path = SelectableCollectionKeyHandler.swift; sourceTree = "<group>"; };
		A5CDD2182394396D00EFF38A /* CirclesScrollViewController.swift */ = {isa = PBXFileReference; lastKnownFileType = sourcecode.swift; path = CirclesScrollViewController.swift; sourceTree = "<group>"; };
		A5CEF29623982F9F0099A19D /* PagingScrollViewController.swift */ = {isa = PBXFileReference; fileEncoding = 4; lastKnownFileType = sourcecode.swift; path = PagingScrollViewController.swift; sourceTree = "<group>"; };
		A5CEF298239837EC0099A19D /* README.md */ = {isa = PBXFileReference; lastKnownFileType = net.daringfireball.markdown; path = README.md; sourceTree = "<group>"; };
		A5D20F3D23787DA80057A8EE /* main.swift */ = {isa = PBXFileReference; lastKnownFileType = sourcecode.swift; path = main.swift; sourceTree = "<group>"; };
		A5D20F43237E9AE90057A8EE /* KeyboardScrollView.swift */ = {isa = PBXFileReference; lastKnownFileType = sourcecode.swift; path = KeyboardScrollView.swift; sourceTree = "<group>"; };
		A5D8C55723A392A600733DD4 /* KeyboardWindow.swift */ = {isa = PBXFileReference; lastKnownFileType = sourcecode.swift; path = KeyboardWindow.swift; sourceTree = "<group>"; };
		A5D8C55923A44BBC00733DD4 /* ScrollViewKeyHandler.swift */ = {isa = PBXFileReference; lastKnownFileType = sourcecode.swift; path = ScrollViewKeyHandler.swift; sourceTree = "<group>"; };
		A5D8C55D23A4ED0F00733DD4 /* InjectableResponder.swift */ = {isa = PBXFileReference; lastKnownFileType = sourcecode.swift; path = InjectableResponder.swift; sourceTree = "<group>"; };
		A5E53897239B036F004A2EE2 /* LocalisedStrings.swift */ = {isa = PBXFileReference; fileEncoding = 4; lastKnownFileType = sourcecode.swift; path = LocalisedStrings.swift; sourceTree = "<group>"; };
		A5E53899239B036F004A2EE2 /* LocalisedStringKeys.swift */ = {isa = PBXFileReference; fileEncoding = 4; lastKnownFileType = sourcecode.swift; path = LocalisedStringKeys.swift; sourceTree = "<group>"; };
		A5E5389A239B036F004A2EE2 /* UpdateLocalisedStringKeys.swift */ = {isa = PBXFileReference; fileEncoding = 4; lastKnownFileType = sourcecode.swift; path = UpdateLocalisedStringKeys.swift; sourceTree = "<group>"; };
		A5E538A0239B0387004A2EE2 /* en */ = {isa = PBXFileReference; lastKnownFileType = text.plist.strings; name = en; path = en.lproj/Localizable.strings; sourceTree = "<group>"; };
		A5E538A3239B0596004A2EE2 /* KeyboardWindowScene.swift */ = {isa = PBXFileReference; fileEncoding = 4; lastKnownFileType = sourcecode.swift; path = KeyboardWindowScene.swift; sourceTree = "<group>"; };
		A5E538A4239B0596004A2EE2 /* KeyboardApplication.swift */ = {isa = PBXFileReference; fileEncoding = 4; lastKnownFileType = sourcecode.swift; path = KeyboardApplication.swift; sourceTree = "<group>"; };
		A5E538A9239BF644004A2EE2 /* KeyboardTextView.swift */ = {isa = PBXFileReference; lastKnownFileType = sourcecode.swift; path = KeyboardTextView.swift; sourceTree = "<group>"; };
		A5E538C5239BFB85004A2EE2 /* TextViewController.swift */ = {isa = PBXFileReference; lastKnownFileType = sourcecode.swift; path = TextViewController.swift; sourceTree = "<group>"; };
/* End PBXFileReference section */

/* Begin PBXFrameworksBuildPhase section */
		A53ADFE62375AA1600B07957 /* Frameworks */ = {
			isa = PBXFrameworksBuildPhase;
			buildActionMask = 2147483647;
			files = (
				A53AE00C2375AAAE00B07957 /* KeyboardKit.framework in Frameworks */,
			);
			runOnlyForDeploymentPostprocessing = 0;
		};
		A53AE0022375AAAE00B07957 /* Frameworks */ = {
			isa = PBXFrameworksBuildPhase;
			buildActionMask = 2147483647;
			files = (
			);
			runOnlyForDeploymentPostprocessing = 0;
		};
/* End PBXFrameworksBuildPhase section */

/* Begin PBXGroup section */
		A53ADFE02375AA1600B07957 = {
			isa = PBXGroup;
			children = (
				A5CEF298239837EC0099A19D /* README.md */,
				A53AE0062375AAAE00B07957 /* KeyboardKit */,
				A53ADFEB2375AA1600B07957 /* KeyboardKitDemo */,
				A53ADFEA2375AA1600B07957 /* Products */,
			);
			sourceTree = "<group>";
		};
		A53ADFEA2375AA1600B07957 /* Products */ = {
			isa = PBXGroup;
			children = (
				A53ADFE92375AA1600B07957 /* KeyboardKitDemo.app */,
				A53AE0052375AAAE00B07957 /* KeyboardKit.framework */,
			);
			name = Products;
			sourceTree = "<group>";
		};
		A53ADFEB2375AA1600B07957 /* KeyboardKitDemo */ = {
			isa = PBXGroup;
			children = (
				A5D20F3D23787DA80057A8EE /* main.swift */,
				A53ADFEE2375AA1600B07957 /* SceneDelegate.swift */,
				A53EA62A239F04E80065C8EB /* FirstResponderViewController.swift */,
				A53AE01C23786CDC00B07957 /* SimpleListViewController.swift */,
				A53AE01E23786CDC00B07957 /* FlowLayoutViewController.swift */,
				A5CDD2182394396D00EFF38A /* CirclesScrollViewController.swift */,
				A5CEF29623982F9F0099A19D /* PagingScrollViewController.swift */,
				A5E538C5239BFB85004A2EE2 /* TextViewController.swift */,
				A53ADFF52375AA1700B07957 /* Assets.xcassets */,
				A53ADFF72375AA1700B07957 /* LaunchScreen.storyboard */,
				A53ADFFA2375AA1700B07957 /* Info.plist */,
			);
			path = KeyboardKitDemo;
			sourceTree = "<group>";
		};
		A53AE0062375AAAE00B07957 /* KeyboardKit */ = {
			isa = PBXGroup;
			children = (
				A53AE01623786CD000B07957 /* KeyboardTableView.swift */,
				A53AE01523786CD000B07957 /* KeyboardCollectionView.swift */,
				A5880D0223A5A24200A6E4DF /* SelectableCollectionKeyHandler.swift */,
				A5D20F43237E9AE90057A8EE /* KeyboardScrollView.swift */,
				A5D8C55923A44BBC00733DD4 /* ScrollViewKeyHandler.swift */,
				A5E538A9239BF644004A2EE2 /* KeyboardTextView.swift */,
				A53AE01323786CD000B07957 /* KeyboardTabBarController.swift */,
				A56FFD522398718100E13773 /* KeyboardNavigationController.swift */,
				A56FFD54239871A800E13773 /* KeyboardBarButtonItem.swift */,
				A5D8C55723A392A600733DD4 /* KeyboardWindow.swift */,
				A5E538A3239B0596004A2EE2 /* KeyboardWindowScene.swift */,
				A5E538A4239B0596004A2EE2 /* KeyboardApplication.swift */,
				A5D8C55D23A4ED0F00733DD4 /* InjectableResponder.swift */,
				A542D89B23A01DC8007E68C3 /* PointAnimator.swift */,
				A53AE01223786CD000B07957 /* KeyCommandCreation.swift */,
				A54EFB0F23AADEB8001776A2 /* TextInput.swift */,
				A56FFD5A2398778400E13773 /* KeyboardKit.h */,
				A56FFD562398776C00E13773 /* BarButtonItem.h */,
				A56FFD572398776C00E13773 /* BarButtonItem.m */,
				A53EA62C239F1C4D0065C8EB /* KeyValueCoding.h */,
				A53EA62D239F1C4D0065C8EB /* KeyValueCoding.m */,
				A5E53897239B036F004A2EE2 /* LocalisedStrings.swift */,
				A5E53899239B036F004A2EE2 /* LocalisedStringKeys.swift */,
				A5E538A1239B0387004A2EE2 /* Localizable.strings */,
				A53AE0082375AAAE00B07957 /* Info.plist */,
				A5E5389A239B036F004A2EE2 /* UpdateLocalisedStringKeys.swift */,
			);
			path = KeyboardKit;
			sourceTree = "<group>";
		};
/* End PBXGroup section */

/* Begin PBXHeadersBuildPhase section */
		A53AE0002375AAAE00B07957 /* Headers */ = {
			isa = PBXHeadersBuildPhase;
			buildActionMask = 2147483647;
			files = (
				A53EA62E239F1C4D0065C8EB /* KeyValueCoding.h in Headers */,
				A56FFD5B2398779000E13773 /* KeyboardKit.h in Headers */,
				A56FFD582398776C00E13773 /* BarButtonItem.h in Headers */,
			);
			runOnlyForDeploymentPostprocessing = 0;
		};
/* End PBXHeadersBuildPhase section */

/* Begin PBXNativeTarget section */
		A53ADFE82375AA1600B07957 /* KeyboardKitDemo */ = {
			isa = PBXNativeTarget;
			buildConfigurationList = A53ADFFD2375AA1700B07957 /* Build configuration list for PBXNativeTarget "KeyboardKitDemo" */;
			buildPhases = (
				A53ADFE52375AA1600B07957 /* Sources */,
				A53ADFE62375AA1600B07957 /* Frameworks */,
				A53ADFE72375AA1600B07957 /* Resources */,
				A53AE0112375AAAE00B07957 /* Embed Frameworks */,
			);
			buildRules = (
			);
			dependencies = (
				A53AE00B2375AAAE00B07957 /* PBXTargetDependency */,
			);
			name = KeyboardKitDemo;
			productName = KeyboardKitDemo;
			productReference = A53ADFE92375AA1600B07957 /* KeyboardKitDemo.app */;
			productType = "com.apple.product-type.application";
		};
		A53AE0042375AAAE00B07957 /* KeyboardKit */ = {
			isa = PBXNativeTarget;
			buildConfigurationList = A53AE00E2375AAAE00B07957 /* Build configuration list for PBXNativeTarget "KeyboardKit" */;
			buildPhases = (
				A5E538A2239B03FB004A2EE2 /* Update localised string keys */,
				A53AE0002375AAAE00B07957 /* Headers */,
				A53AE0012375AAAE00B07957 /* Sources */,
				A53AE0022375AAAE00B07957 /* Frameworks */,
				A53AE0032375AAAE00B07957 /* Resources */,
			);
			buildRules = (
			);
			dependencies = (
			);
			name = KeyboardKit;
			productName = KeyboardKit;
			productReference = A53AE0052375AAAE00B07957 /* KeyboardKit.framework */;
			productType = "com.apple.product-type.framework";
		};
/* End PBXNativeTarget section */

/* Begin PBXProject section */
		A53ADFE12375AA1600B07957 /* Project object */ = {
			isa = PBXProject;
			attributes = {
				CLASSPREFIX = KBD;
				LastSwiftUpdateCheck = 1110;
				LastUpgradeCheck = 1110;
				ORGANIZATIONNAME = "Douglas Hill";
				TargetAttributes = {
					A53ADFE82375AA1600B07957 = {
						CreatedOnToolsVersion = 11.1;
					};
					A53AE0042375AAAE00B07957 = {
						CreatedOnToolsVersion = 11.1;
						LastSwiftMigration = 1120;
					};
				};
			};
			buildConfigurationList = A53ADFE42375AA1600B07957 /* Build configuration list for PBXProject "KeyboardKit" */;
			compatibilityVersion = "Xcode 9.3";
			developmentRegion = en;
			hasScannedForEncodings = 0;
			knownRegions = (
				en,
				Base,
			);
			mainGroup = A53ADFE02375AA1600B07957;
			productRefGroup = A53ADFEA2375AA1600B07957 /* Products */;
			projectDirPath = "";
			projectRoot = "";
			targets = (
				A53AE0042375AAAE00B07957 /* KeyboardKit */,
				A53ADFE82375AA1600B07957 /* KeyboardKitDemo */,
			);
		};
/* End PBXProject section */

/* Begin PBXResourcesBuildPhase section */
		A53ADFE72375AA1600B07957 /* Resources */ = {
			isa = PBXResourcesBuildPhase;
			buildActionMask = 2147483647;
			files = (
				A53ADFF92375AA1700B07957 /* LaunchScreen.storyboard in Resources */,
				A53ADFF62375AA1700B07957 /* Assets.xcassets in Resources */,
			);
			runOnlyForDeploymentPostprocessing = 0;
		};
		A53AE0032375AAAE00B07957 /* Resources */ = {
			isa = PBXResourcesBuildPhase;
			buildActionMask = 2147483647;
			files = (
				A5E5389F239B0387004A2EE2 /* Localizable.strings in Resources */,
			);
			runOnlyForDeploymentPostprocessing = 0;
		};
/* End PBXResourcesBuildPhase section */

/* Begin PBXShellScriptBuildPhase section */
		A5E538A2239B03FB004A2EE2 /* Update localised string keys */ = {
			isa = PBXShellScriptBuildPhase;
			buildActionMask = 2147483647;
			files = (
			);
			inputFileListPaths = (
			);
			inputPaths = (
				"$(SRCROOT)/KeyboardKit/en.lproj/Localizable.strings",
				"$(SRCROOT)/KeyboardKit/UpdateLocalisedStringKeys.swift",
			);
			name = "Update localised string keys";
			outputFileListPaths = (
			);
			outputPaths = (
				"$(SRCROOT)/KeyboardKit/LocalisedStringKeys.swift",
			);
			runOnlyForDeploymentPostprocessing = 0;
			shellPath = /bin/sh;
			shellScript = "${PROJECT_DIR}/KeyboardKit/UpdateLocalisedStringKeys.swift\n";
		};
/* End PBXShellScriptBuildPhase section */

/* Begin PBXSourcesBuildPhase section */
		A53ADFE52375AA1600B07957 /* Sources */ = {
			isa = PBXSourcesBuildPhase;
			buildActionMask = 2147483647;
			files = (
				A53AE02223786CDC00B07957 /* FlowLayoutViewController.swift in Sources */,
				A5D20F3E23787DA80057A8EE /* main.swift in Sources */,
				A5CDD2192394396D00EFF38A /* CirclesScrollViewController.swift in Sources */,
				A5E538C6239BFB85004A2EE2 /* TextViewController.swift in Sources */,
				A53EA62B239F04E80065C8EB /* FirstResponderViewController.swift in Sources */,
				A53AE02023786CDC00B07957 /* SimpleListViewController.swift in Sources */,
				A53ADFEF2375AA1600B07957 /* SceneDelegate.swift in Sources */,
				A5CEF29723982F9F0099A19D /* PagingScrollViewController.swift in Sources */,
			);
			runOnlyForDeploymentPostprocessing = 0;
		};
		A53AE0012375AAAE00B07957 /* Sources */ = {
			isa = PBXSourcesBuildPhase;
			buildActionMask = 2147483647;
			files = (
				A56FFD55239871A800E13773 /* KeyboardBarButtonItem.swift in Sources */,
				A56FFD592398776C00E13773 /* BarButtonItem.m in Sources */,
				A5880D0323A5A24200A6E4DF /* SelectableCollectionKeyHandler.swift in Sources */,
				A5D8C55A23A44BBC00733DD4 /* ScrollViewKeyHandler.swift in Sources */,
				A5E538A5239B0596004A2EE2 /* KeyboardWindowScene.swift in Sources */,
				A542D89C23A01DC8007E68C3 /* PointAnimator.swift in Sources */,
				A54EFB1023AADEB8001776A2 /* TextInput.swift in Sources */,
				A5D8C55823A392A600733DD4 /* KeyboardWindow.swift in Sources */,
				A5E538A6239B0596004A2EE2 /* KeyboardApplication.swift in Sources */,
				A53EA62F239F1C4D0065C8EB /* KeyValueCoding.m in Sources */,
				A53AE01823786CD000B07957 /* KeyboardTabBarController.swift in Sources */,
				A53AE01723786CD000B07957 /* KeyCommandCreation.swift in Sources */,
				A5D8C55E23A4ED0F00733DD4 /* InjectableResponder.swift in Sources */,
				A5E538AA239BF644004A2EE2 /* KeyboardTextView.swift in Sources */,
				A5D20F44237E9AE90057A8EE /* KeyboardScrollView.swift in Sources */,
				A53AE01A23786CD000B07957 /* KeyboardCollectionView.swift in Sources */,
				A56FFD532398718100E13773 /* KeyboardNavigationController.swift in Sources */,
				A53AE01B23786CD000B07957 /* KeyboardTableView.swift in Sources */,
				A5E5389B239B036F004A2EE2 /* LocalisedStrings.swift in Sources */,
				A5E5389D239B036F004A2EE2 /* LocalisedStringKeys.swift in Sources */,
			);
			runOnlyForDeploymentPostprocessing = 0;
		};
/* End PBXSourcesBuildPhase section */

/* Begin PBXTargetDependency section */
		A53AE00B2375AAAE00B07957 /* PBXTargetDependency */ = {
			isa = PBXTargetDependency;
			target = A53AE0042375AAAE00B07957 /* KeyboardKit */;
			targetProxy = A53AE00A2375AAAE00B07957 /* PBXContainerItemProxy */;
		};
/* End PBXTargetDependency section */

/* Begin PBXVariantGroup section */
		A53ADFF72375AA1700B07957 /* LaunchScreen.storyboard */ = {
			isa = PBXVariantGroup;
			children = (
				A53ADFF82375AA1700B07957 /* Base */,
			);
			name = LaunchScreen.storyboard;
			sourceTree = "<group>";
		};
		A5E538A1239B0387004A2EE2 /* Localizable.strings */ = {
			isa = PBXVariantGroup;
			children = (
				A5E538A0239B0387004A2EE2 /* en */,
			);
			name = Localizable.strings;
			sourceTree = "<group>";
		};
/* End PBXVariantGroup section */

/* Begin XCBuildConfiguration section */
		A53ADFFB2375AA1700B07957 /* Debug */ = {
			isa = XCBuildConfiguration;
			buildSettings = {
				ALWAYS_SEARCH_USER_PATHS = NO;
				CLANG_ANALYZER_NONNULL = YES;
				CLANG_ANALYZER_NUMBER_OBJECT_CONVERSION = YES_AGGRESSIVE;
				CLANG_CXX_LANGUAGE_STANDARD = "gnu++14";
				CLANG_CXX_LIBRARY = "libc++";
				CLANG_ENABLE_MODULES = YES;
				CLANG_ENABLE_OBJC_ARC = YES;
				CLANG_ENABLE_OBJC_WEAK = YES;
				CLANG_WARN_BLOCK_CAPTURE_AUTORELEASING = YES;
				CLANG_WARN_BOOL_CONVERSION = YES;
				CLANG_WARN_COMMA = YES;
				CLANG_WARN_CONSTANT_CONVERSION = YES;
				CLANG_WARN_DEPRECATED_OBJC_IMPLEMENTATIONS = YES;
				CLANG_WARN_DIRECT_OBJC_ISA_USAGE = YES_ERROR;
				CLANG_WARN_DOCUMENTATION_COMMENTS = YES;
				CLANG_WARN_EMPTY_BODY = YES;
				CLANG_WARN_ENUM_CONVERSION = YES;
				CLANG_WARN_INFINITE_RECURSION = YES;
				CLANG_WARN_INT_CONVERSION = YES;
				CLANG_WARN_NON_LITERAL_NULL_CONVERSION = YES;
				CLANG_WARN_OBJC_IMPLICIT_RETAIN_SELF = YES;
				CLANG_WARN_OBJC_LITERAL_CONVERSION = YES;
				CLANG_WARN_OBJC_ROOT_CLASS = YES_ERROR;
				CLANG_WARN_RANGE_LOOP_ANALYSIS = YES;
				CLANG_WARN_STRICT_PROTOTYPES = YES;
				CLANG_WARN_SUSPICIOUS_MOVE = YES;
				CLANG_WARN_UNGUARDED_AVAILABILITY = YES_AGGRESSIVE;
				CLANG_WARN_UNREACHABLE_CODE = YES;
				CLANG_WARN__DUPLICATE_METHOD_MATCH = YES;
				COPY_PHASE_STRIP = NO;
				DEBUG_INFORMATION_FORMAT = dwarf;
				ENABLE_STRICT_OBJC_MSGSEND = YES;
				ENABLE_TESTABILITY = YES;
				GCC_C_LANGUAGE_STANDARD = gnu11;
				GCC_DYNAMIC_NO_PIC = NO;
				GCC_NO_COMMON_BLOCKS = YES;
				GCC_OPTIMIZATION_LEVEL = 0;
				GCC_PREPROCESSOR_DEFINITIONS = (
					"DEBUG=1",
					"$(inherited)",
				);
				GCC_WARN_64_TO_32_BIT_CONVERSION = YES;
				GCC_WARN_ABOUT_RETURN_TYPE = YES_ERROR;
				GCC_WARN_UNDECLARED_SELECTOR = YES;
				GCC_WARN_UNINITIALIZED_AUTOS = YES_AGGRESSIVE;
				GCC_WARN_UNUSED_FUNCTION = YES;
				GCC_WARN_UNUSED_VARIABLE = YES;
				MTL_ENABLE_DEBUG_INFO = INCLUDE_SOURCE;
				MTL_FAST_MATH = YES;
				ONLY_ACTIVE_ARCH = YES;
				SDKROOT = iphoneos;
				SWIFT_ACTIVE_COMPILATION_CONDITIONS = DEBUG;
				SWIFT_OPTIMIZATION_LEVEL = "-Onone";
			};
			name = Debug;
		};
		A53ADFFC2375AA1700B07957 /* Release */ = {
			isa = XCBuildConfiguration;
			buildSettings = {
				ALWAYS_SEARCH_USER_PATHS = NO;
				CLANG_ANALYZER_NONNULL = YES;
				CLANG_ANALYZER_NUMBER_OBJECT_CONVERSION = YES_AGGRESSIVE;
				CLANG_CXX_LANGUAGE_STANDARD = "gnu++14";
				CLANG_CXX_LIBRARY = "libc++";
				CLANG_ENABLE_MODULES = YES;
				CLANG_ENABLE_OBJC_ARC = YES;
				CLANG_ENABLE_OBJC_WEAK = YES;
				CLANG_WARN_BLOCK_CAPTURE_AUTORELEASING = YES;
				CLANG_WARN_BOOL_CONVERSION = YES;
				CLANG_WARN_COMMA = YES;
				CLANG_WARN_CONSTANT_CONVERSION = YES;
				CLANG_WARN_DEPRECATED_OBJC_IMPLEMENTATIONS = YES;
				CLANG_WARN_DIRECT_OBJC_ISA_USAGE = YES_ERROR;
				CLANG_WARN_DOCUMENTATION_COMMENTS = YES;
				CLANG_WARN_EMPTY_BODY = YES;
				CLANG_WARN_ENUM_CONVERSION = YES;
				CLANG_WARN_INFINITE_RECURSION = YES;
				CLANG_WARN_INT_CONVERSION = YES;
				CLANG_WARN_NON_LITERAL_NULL_CONVERSION = YES;
				CLANG_WARN_OBJC_IMPLICIT_RETAIN_SELF = YES;
				CLANG_WARN_OBJC_LITERAL_CONVERSION = YES;
				CLANG_WARN_OBJC_ROOT_CLASS = YES_ERROR;
				CLANG_WARN_RANGE_LOOP_ANALYSIS = YES;
				CLANG_WARN_STRICT_PROTOTYPES = YES;
				CLANG_WARN_SUSPICIOUS_MOVE = YES;
				CLANG_WARN_UNGUARDED_AVAILABILITY = YES_AGGRESSIVE;
				CLANG_WARN_UNREACHABLE_CODE = YES;
				CLANG_WARN__DUPLICATE_METHOD_MATCH = YES;
				COPY_PHASE_STRIP = NO;
				DEBUG_INFORMATION_FORMAT = "dwarf-with-dsym";
				ENABLE_NS_ASSERTIONS = NO;
				ENABLE_STRICT_OBJC_MSGSEND = YES;
				GCC_C_LANGUAGE_STANDARD = gnu11;
				GCC_NO_COMMON_BLOCKS = YES;
				GCC_WARN_64_TO_32_BIT_CONVERSION = YES;
				GCC_WARN_ABOUT_RETURN_TYPE = YES_ERROR;
				GCC_WARN_UNDECLARED_SELECTOR = YES;
				GCC_WARN_UNINITIALIZED_AUTOS = YES_AGGRESSIVE;
				GCC_WARN_UNUSED_FUNCTION = YES;
				GCC_WARN_UNUSED_VARIABLE = YES;
				MTL_ENABLE_DEBUG_INFO = NO;
				MTL_FAST_MATH = YES;
				SDKROOT = iphoneos;
				SWIFT_COMPILATION_MODE = wholemodule;
				SWIFT_OPTIMIZATION_LEVEL = "-O";
				VALIDATE_PRODUCT = YES;
			};
			name = Release;
		};
		A53ADFFE2375AA1700B07957 /* Debug */ = {
			isa = XCBuildConfiguration;
			buildSettings = {
				ALWAYS_EMBED_SWIFT_STANDARD_LIBRARIES = YES;
				ASSETCATALOG_COMPILER_APPICON_NAME = AppIcon;
				CODE_SIGN_STYLE = Automatic;
				DEVELOPMENT_TEAM = 3A8QT46Z78;
				INFOPLIST_FILE = KeyboardKitDemo/Info.plist;
				IPHONEOS_DEPLOYMENT_TARGET = 13.0;
				LD_RUNPATH_SEARCH_PATHS = (
					"$(inherited)",
					"@executable_path/Frameworks",
				);
				PRODUCT_BUNDLE_IDENTIFIER = co.douglashill.KeyboardKitDemo;
				PRODUCT_NAME = "$(TARGET_NAME)";
				SWIFT_VERSION = 5.0;
				TARGETED_DEVICE_FAMILY = "1,2";
			};
			name = Debug;
		};
		A53ADFFF2375AA1700B07957 /* Release */ = {
			isa = XCBuildConfiguration;
			buildSettings = {
				ALWAYS_EMBED_SWIFT_STANDARD_LIBRARIES = YES;
				ASSETCATALOG_COMPILER_APPICON_NAME = AppIcon;
				CODE_SIGN_STYLE = Automatic;
				DEVELOPMENT_TEAM = 3A8QT46Z78;
				INFOPLIST_FILE = KeyboardKitDemo/Info.plist;
				IPHONEOS_DEPLOYMENT_TARGET = 13.0;
				LD_RUNPATH_SEARCH_PATHS = (
					"$(inherited)",
					"@executable_path/Frameworks",
				);
				PRODUCT_BUNDLE_IDENTIFIER = co.douglashill.KeyboardKitDemo;
				PRODUCT_NAME = "$(TARGET_NAME)";
				SWIFT_VERSION = 5.0;
				TARGETED_DEVICE_FAMILY = "1,2";
			};
			name = Release;
		};
		A53AE00F2375AAAE00B07957 /* Debug */ = {
			isa = XCBuildConfiguration;
			buildSettings = {
				CLANG_ENABLE_MODULES = YES;
				CODE_SIGN_STYLE = Automatic;
				CURRENT_PROJECT_VERSION = 1;
				DEFINES_MODULE = YES;
				DEVELOPMENT_TEAM = 3A8QT46Z78;
				DYLIB_COMPATIBILITY_VERSION = 1;
				DYLIB_CURRENT_VERSION = 1;
				DYLIB_INSTALL_NAME_BASE = "@rpath";
				INFOPLIST_FILE = KeyboardKit/Info.plist;
				INSTALL_PATH = "$(LOCAL_LIBRARY_DIR)/Frameworks";
				IPHONEOS_DEPLOYMENT_TARGET = 11.0;
				LD_RUNPATH_SEARCH_PATHS = (
					"$(inherited)",
					"@executable_path/Frameworks",
					"@loader_path/Frameworks",
				);
				PRODUCT_BUNDLE_IDENTIFIER = co.douglashill.KeyboardKit;
				PRODUCT_NAME = "$(TARGET_NAME:c99extidentifier)";
				SKIP_INSTALL = YES;
				SWIFT_OPTIMIZATION_LEVEL = "-Onone";
				SWIFT_VERSION = 5.0;
				TARGETED_DEVICE_FAMILY = "1,2";
				VERSIONING_SYSTEM = "apple-generic";
				VERSION_INFO_PREFIX = "";
			};
			name = Debug;
		};
		A53AE0102375AAAE00B07957 /* Release */ = {
			isa = XCBuildConfiguration;
			buildSettings = {
				CLANG_ENABLE_MODULES = YES;
				CODE_SIGN_STYLE = Automatic;
				CURRENT_PROJECT_VERSION = 1;
				DEFINES_MODULE = YES;
				DEVELOPMENT_TEAM = 3A8QT46Z78;
				DYLIB_COMPATIBILITY_VERSION = 1;
				DYLIB_CURRENT_VERSION = 1;
				DYLIB_INSTALL_NAME_BASE = "@rpath";
				INFOPLIST_FILE = KeyboardKit/Info.plist;
				INSTALL_PATH = "$(LOCAL_LIBRARY_DIR)/Frameworks";
				IPHONEOS_DEPLOYMENT_TARGET = 11.0;
				LD_RUNPATH_SEARCH_PATHS = (
					"$(inherited)",
					"@executable_path/Frameworks",
					"@loader_path/Frameworks",
				);
				PRODUCT_BUNDLE_IDENTIFIER = co.douglashill.KeyboardKit;
				PRODUCT_NAME = "$(TARGET_NAME:c99extidentifier)";
				SKIP_INSTALL = YES;
				SWIFT_VERSION = 5.0;
				TARGETED_DEVICE_FAMILY = "1,2";
				VERSIONING_SYSTEM = "apple-generic";
				VERSION_INFO_PREFIX = "";
			};
			name = Release;
		};
/* End XCBuildConfiguration section */

/* Begin XCConfigurationList section */
		A53ADFE42375AA1600B07957 /* Build configuration list for PBXProject "KeyboardKit" */ = {
			isa = XCConfigurationList;
			buildConfigurations = (
				A53ADFFB2375AA1700B07957 /* Debug */,
				A53ADFFC2375AA1700B07957 /* Release */,
			);
			defaultConfigurationIsVisible = 0;
			defaultConfigurationName = Release;
		};
		A53ADFFD2375AA1700B07957 /* Build configuration list for PBXNativeTarget "KeyboardKitDemo" */ = {
			isa = XCConfigurationList;
			buildConfigurations = (
				A53ADFFE2375AA1700B07957 /* Debug */,
				A53ADFFF2375AA1700B07957 /* Release */,
			);
			defaultConfigurationIsVisible = 0;
			defaultConfigurationName = Release;
		};
		A53AE00E2375AAAE00B07957 /* Build configuration list for PBXNativeTarget "KeyboardKit" */ = {
			isa = XCConfigurationList;
			buildConfigurations = (
				A53AE00F2375AAAE00B07957 /* Debug */,
				A53AE0102375AAAE00B07957 /* Release */,
			);
			defaultConfigurationIsVisible = 0;
			defaultConfigurationName = Release;
		};
/* End XCConfigurationList section */
	};
	rootObject = A53ADFE12375AA1600B07957 /* Project object */;
}
