// !$*UTF8*$!
{
	archiveVersion = 1;
	classes = {
	};
	objectVersion = 50;
	objects = {

/* Begin PBXBuildFile section */
		A53ADFEF2375AA1600B07957 /* SceneDelegate.swift in Sources */ = {isa = PBXBuildFile; fileRef = A53ADFEE2375AA1600B07957 /* SceneDelegate.swift */; };
		A53ADFF62375AA1700B07957 /* Assets.xcassets in Resources */ = {isa = PBXBuildFile; fileRef = A53ADFF52375AA1700B07957 /* Assets.xcassets */; };
		A53ADFF92375AA1700B07957 /* LaunchScreen.storyboard in Resources */ = {isa = PBXBuildFile; fileRef = A53ADFF72375AA1700B07957 /* LaunchScreen.storyboard */; };
		A53AE00C2375AAAE00B07957 /* KeyboardKit.framework in Frameworks */ = {isa = PBXBuildFile; fileRef = A53AE0052375AAAE00B07957 /* KeyboardKit.framework */; };
		A53AE00D2375AAAE00B07957 /* KeyboardKit.framework in Embed Frameworks */ = {isa = PBXBuildFile; fileRef = A53AE0052375AAAE00B07957 /* KeyboardKit.framework */; settings = {ATTRIBUTES = (CodeSignOnCopy, RemoveHeadersOnCopy, ); }; };
		A53AE01723786CD000B07957 /* KeyCommandCreation.swift in Sources */ = {isa = PBXBuildFile; fileRef = A53AE01223786CD000B07957 /* KeyCommandCreation.swift */; };
		A53AE01823786CD000B07957 /* KeyboardTabBarController.swift in Sources */ = {isa = PBXBuildFile; fileRef = A53AE01323786CD000B07957 /* KeyboardTabBarController.swift */; };
		A53AE01A23786CD000B07957 /* KeyboardCollectionView.swift in Sources */ = {isa = PBXBuildFile; fileRef = A53AE01523786CD000B07957 /* KeyboardCollectionView.swift */; };
		A53AE01B23786CD000B07957 /* KeyboardTableView.swift in Sources */ = {isa = PBXBuildFile; fileRef = A53AE01623786CD000B07957 /* KeyboardTableView.swift */; };
		A53AE02023786CDC00B07957 /* SimpleListViewController.swift in Sources */ = {isa = PBXBuildFile; fileRef = A53AE01C23786CDC00B07957 /* SimpleListViewController.swift */; };
		A53AE02223786CDC00B07957 /* FlowLayoutViewController.swift in Sources */ = {isa = PBXBuildFile; fileRef = A53AE01E23786CDC00B07957 /* FlowLayoutViewController.swift */; };
		A53EA62B239F04E80065C8EB /* FirstResponderViewController.swift in Sources */ = {isa = PBXBuildFile; fileRef = A53EA62A239F04E80065C8EB /* FirstResponderViewController.swift */; };
		A542D89C23A01DC8007E68C3 /* PointAnimator.swift in Sources */ = {isa = PBXBuildFile; fileRef = A542D89B23A01DC8007E68C3 /* PointAnimator.swift */; };
		A54EFB1023AADEB8001776A2 /* TextInput.swift in Sources */ = {isa = PBXBuildFile; fileRef = A54EFB0F23AADEB8001776A2 /* TextInput.swift */; };
		A55D0B70244B1EFC00492BE7 /* KeyboardScrollingDelegate.swift in Sources */ = {isa = PBXBuildFile; fileRef = A55D0B6F244B1EFC00492BE7 /* KeyboardScrollingDelegate.swift */; };
		A55D7AF223C1108300302D79 /* KeyboardKitTests.swift in Sources */ = {isa = PBXBuildFile; fileRef = A55D7AF123C1108300302D79 /* KeyboardKitTests.swift */; };
		A55D7AF423C1108300302D79 /* KeyboardKit.framework in Frameworks */ = {isa = PBXBuildFile; fileRef = A53AE0052375AAAE00B07957 /* KeyboardKit.framework */; };
		A56FFD532398718100E13773 /* KeyboardNavigationController.swift in Sources */ = {isa = PBXBuildFile; fileRef = A56FFD522398718100E13773 /* KeyboardNavigationController.swift */; };
		A56FFD55239871A800E13773 /* KeyboardBarButtonItem.swift in Sources */ = {isa = PBXBuildFile; fileRef = A56FFD54239871A800E13773 /* KeyboardBarButtonItem.swift */; };
		A56FFD582398776C00E13773 /* BarButtonItem.h in Headers */ = {isa = PBXBuildFile; fileRef = A56FFD562398776C00E13773 /* BarButtonItem.h */; settings = {ATTRIBUTES = (Public, ); }; };
		A56FFD592398776C00E13773 /* BarButtonItem.m in Sources */ = {isa = PBXBuildFile; fileRef = A56FFD572398776C00E13773 /* BarButtonItem.m */; };
		A56FFD5B2398779000E13773 /* KeyboardKit.h in Headers */ = {isa = PBXBuildFile; fileRef = A56FFD5A2398778400E13773 /* KeyboardKit.h */; settings = {ATTRIBUTES = (Public, ); }; };
		A5880D0323A5A24200A6E4DF /* SelectableCollectionKeyHandler.swift in Sources */ = {isa = PBXBuildFile; fileRef = A5880D0223A5A24200A6E4DF /* SelectableCollectionKeyHandler.swift */; };
		A5A1667D23B0461E00E5C3FD /* KeyInputStrings.swift in Sources */ = {isa = PBXBuildFile; fileRef = A5A1667C23B0461E00E5C3FD /* KeyInputStrings.swift */; };
		A5B7C10D242F9EA900B48595 /* AppDelegate.m in Sources */ = {isa = PBXBuildFile; fileRef = A5B7C10C242F9EA900B48595 /* AppDelegate.m */; };
		A5B7C113242F9EA900B48595 /* ClassicDemoViewController.m in Sources */ = {isa = PBXBuildFile; fileRef = A5B7C112242F9EA900B48595 /* ClassicDemoViewController.m */; };
		A5B7C118242F9EAB00B48595 /* Assets.xcassets in Resources */ = {isa = PBXBuildFile; fileRef = A5B7C117242F9EAB00B48595 /* Assets.xcassets */; };
		A5B7C11B242F9EAB00B48595 /* LaunchScreen.storyboard in Resources */ = {isa = PBXBuildFile; fileRef = A5B7C119242F9EAB00B48595 /* LaunchScreen.storyboard */; };
		A5B7C11E242F9EAB00B48595 /* main.m in Sources */ = {isa = PBXBuildFile; fileRef = A5B7C11D242F9EAB00B48595 /* main.m */; };
		A5B7C123242FA10D00B48595 /* KeyboardKit.framework in Frameworks */ = {isa = PBXBuildFile; fileRef = A53AE0052375AAAE00B07957 /* KeyboardKit.framework */; };
		A5B7C124242FA10D00B48595 /* KeyboardKit.framework in Embed Frameworks */ = {isa = PBXBuildFile; fileRef = A53AE0052375AAAE00B07957 /* KeyboardKit.framework */; settings = {ATTRIBUTES = (CodeSignOnCopy, RemoveHeadersOnCopy, ); }; };
		A5CDD2192394396D00EFF38A /* CirclesScrollViewController.swift in Sources */ = {isa = PBXBuildFile; fileRef = A5CDD2182394396D00EFF38A /* CirclesScrollViewController.swift */; };
		A5CEF29723982F9F0099A19D /* PagingScrollViewController.swift in Sources */ = {isa = PBXBuildFile; fileRef = A5CEF29623982F9F0099A19D /* PagingScrollViewController.swift */; };
		A5D20F3E23787DA80057A8EE /* main.swift in Sources */ = {isa = PBXBuildFile; fileRef = A5D20F3D23787DA80057A8EE /* main.swift */; };
		A5D20F44237E9AE90057A8EE /* KeyboardScrollView.swift in Sources */ = {isa = PBXBuildFile; fileRef = A5D20F43237E9AE90057A8EE /* KeyboardScrollView.swift */; };
		A5D8C55823A392A600733DD4 /* KeyboardWindow.swift in Sources */ = {isa = PBXBuildFile; fileRef = A5D8C55723A392A600733DD4 /* KeyboardWindow.swift */; };
		A5D8C55A23A44BBC00733DD4 /* ScrollViewKeyHandler.swift in Sources */ = {isa = PBXBuildFile; fileRef = A5D8C55923A44BBC00733DD4 /* ScrollViewKeyHandler.swift */; };
		A5D8C55E23A4ED0F00733DD4 /* InjectableResponder.swift in Sources */ = {isa = PBXBuildFile; fileRef = A5D8C55D23A4ED0F00733DD4 /* InjectableResponder.swift */; };
		A5E3D37924C39041008C1FDB /* PartialParentViewController.swift in Sources */ = {isa = PBXBuildFile; fileRef = A5E3D37624C39041008C1FDB /* PartialParentViewController.swift */; };
		A5E3D37A24C39041008C1FDB /* SidebarAndTabBarController.swift in Sources */ = {isa = PBXBuildFile; fileRef = A5E3D37724C39041008C1FDB /* SidebarAndTabBarController.swift */; };
		A5E3D37B24C39041008C1FDB /* SidebarViewController.swift in Sources */ = {isa = PBXBuildFile; fileRef = A5E3D37824C39041008C1FDB /* SidebarViewController.swift */; };
		A5E5389B239B036F004A2EE2 /* LocalisedStrings.swift in Sources */ = {isa = PBXBuildFile; fileRef = A5E53897239B036F004A2EE2 /* LocalisedStrings.swift */; };
		A5E5389D239B036F004A2EE2 /* LocalisedStringKeys.swift in Sources */ = {isa = PBXBuildFile; fileRef = A5E53899239B036F004A2EE2 /* LocalisedStringKeys.swift */; };
		A5E5389F239B0387004A2EE2 /* KeyboardKit.strings in Resources */ = {isa = PBXBuildFile; fileRef = A5E538A1239B0387004A2EE2 /* KeyboardKit.strings */; };
		A5E538A5239B0596004A2EE2 /* KeyboardWindowScene.swift in Sources */ = {isa = PBXBuildFile; fileRef = A5E538A3239B0596004A2EE2 /* KeyboardWindowScene.swift */; };
		A5E538A6239B0596004A2EE2 /* KeyboardApplication.swift in Sources */ = {isa = PBXBuildFile; fileRef = A5E538A4239B0596004A2EE2 /* KeyboardApplication.swift */; };
		A5E538AA239BF644004A2EE2 /* KeyboardTextView.swift in Sources */ = {isa = PBXBuildFile; fileRef = A5E538A9239BF644004A2EE2 /* KeyboardTextView.swift */; };
		A5E538C6239BFB85004A2EE2 /* TextViewController.swift in Sources */ = {isa = PBXBuildFile; fileRef = A5E538C5239BFB85004A2EE2 /* TextViewController.swift */; };
/* End PBXBuildFile section */

/* Begin PBXContainerItemProxy section */
		A53AE00A2375AAAE00B07957 /* PBXContainerItemProxy */ = {
			isa = PBXContainerItemProxy;
			containerPortal = A53ADFE12375AA1600B07957 /* Project object */;
			proxyType = 1;
			remoteGlobalIDString = A53AE0042375AAAE00B07957;
			remoteInfo = KeyboardKit;
		};
		A55D7AF523C1108300302D79 /* PBXContainerItemProxy */ = {
			isa = PBXContainerItemProxy;
			containerPortal = A53ADFE12375AA1600B07957 /* Project object */;
			proxyType = 1;
			remoteGlobalIDString = A53AE0042375AAAE00B07957;
			remoteInfo = KeyboardKit;
		};
		A5B7C125242FA10D00B48595 /* PBXContainerItemProxy */ = {
			isa = PBXContainerItemProxy;
			containerPortal = A53ADFE12375AA1600B07957 /* Project object */;
			proxyType = 1;
			remoteGlobalIDString = A53AE0042375AAAE00B07957;
			remoteInfo = KeyboardKit;
		};
/* End PBXContainerItemProxy section */

/* Begin PBXCopyFilesBuildPhase section */
		A53AE0112375AAAE00B07957 /* Embed Frameworks */ = {
			isa = PBXCopyFilesBuildPhase;
			buildActionMask = 2147483647;
			dstPath = "";
			dstSubfolderSpec = 10;
			files = (
				A53AE00D2375AAAE00B07957 /* KeyboardKit.framework in Embed Frameworks */,
			);
			name = "Embed Frameworks";
			runOnlyForDeploymentPostprocessing = 0;
		};
		A5B7C127242FA10D00B48595 /* Embed Frameworks */ = {
			isa = PBXCopyFilesBuildPhase;
			buildActionMask = 2147483647;
			dstPath = "";
			dstSubfolderSpec = 10;
			files = (
				A5B7C124242FA10D00B48595 /* KeyboardKit.framework in Embed Frameworks */,
			);
			name = "Embed Frameworks";
			runOnlyForDeploymentPostprocessing = 0;
		};
/* End PBXCopyFilesBuildPhase section */

/* Begin PBXFileReference section */
		A53ADFE92375AA1600B07957 /* KeyboardKitDemo.app */ = {isa = PBXFileReference; explicitFileType = wrapper.application; includeInIndex = 0; path = KeyboardKitDemo.app; sourceTree = BUILT_PRODUCTS_DIR; };
		A53ADFEE2375AA1600B07957 /* SceneDelegate.swift */ = {isa = PBXFileReference; lastKnownFileType = sourcecode.swift; path = SceneDelegate.swift; sourceTree = "<group>"; };
		A53ADFF52375AA1700B07957 /* Assets.xcassets */ = {isa = PBXFileReference; lastKnownFileType = folder.assetcatalog; path = Assets.xcassets; sourceTree = "<group>"; };
		A53ADFF82375AA1700B07957 /* Base */ = {isa = PBXFileReference; lastKnownFileType = file.storyboard; name = Base; path = Base.lproj/LaunchScreen.storyboard; sourceTree = "<group>"; };
		A53ADFFA2375AA1700B07957 /* Info.plist */ = {isa = PBXFileReference; lastKnownFileType = text.plist.xml; path = Info.plist; sourceTree = "<group>"; };
		A53AE0052375AAAE00B07957 /* KeyboardKit.framework */ = {isa = PBXFileReference; explicitFileType = wrapper.framework; includeInIndex = 0; path = KeyboardKit.framework; sourceTree = BUILT_PRODUCTS_DIR; };
		A53AE0082375AAAE00B07957 /* Info.plist */ = {isa = PBXFileReference; lastKnownFileType = text.plist.xml; path = Info.plist; sourceTree = "<group>"; };
		A53AE01223786CD000B07957 /* KeyCommandCreation.swift */ = {isa = PBXFileReference; fileEncoding = 4; lastKnownFileType = sourcecode.swift; name = KeyCommandCreation.swift; path = KeyboardKit/KeyCommandCreation.swift; sourceTree = SOURCE_ROOT; };
		A53AE01323786CD000B07957 /* KeyboardTabBarController.swift */ = {isa = PBXFileReference; fileEncoding = 4; lastKnownFileType = sourcecode.swift; name = KeyboardTabBarController.swift; path = KeyboardKit/KeyboardTabBarController.swift; sourceTree = SOURCE_ROOT; };
		A53AE01523786CD000B07957 /* KeyboardCollectionView.swift */ = {isa = PBXFileReference; fileEncoding = 4; lastKnownFileType = sourcecode.swift; name = KeyboardCollectionView.swift; path = KeyboardKit/KeyboardCollectionView.swift; sourceTree = SOURCE_ROOT; };
		A53AE01623786CD000B07957 /* KeyboardTableView.swift */ = {isa = PBXFileReference; fileEncoding = 4; lastKnownFileType = sourcecode.swift; name = KeyboardTableView.swift; path = KeyboardKit/KeyboardTableView.swift; sourceTree = SOURCE_ROOT; };
		A53AE01C23786CDC00B07957 /* SimpleListViewController.swift */ = {isa = PBXFileReference; fileEncoding = 4; lastKnownFileType = sourcecode.swift; name = SimpleListViewController.swift; path = KeyboardKitDemo/SimpleListViewController.swift; sourceTree = SOURCE_ROOT; };
		A53AE01E23786CDC00B07957 /* FlowLayoutViewController.swift */ = {isa = PBXFileReference; fileEncoding = 4; lastKnownFileType = sourcecode.swift; name = FlowLayoutViewController.swift; path = KeyboardKitDemo/FlowLayoutViewController.swift; sourceTree = SOURCE_ROOT; };
		A53EA62A239F04E80065C8EB /* FirstResponderViewController.swift */ = {isa = PBXFileReference; lastKnownFileType = sourcecode.swift; path = FirstResponderViewController.swift; sourceTree = "<group>"; };
		A542D89B23A01DC8007E68C3 /* PointAnimator.swift */ = {isa = PBXFileReference; lastKnownFileType = sourcecode.swift; path = PointAnimator.swift; sourceTree = "<group>"; };
		A54D2DFA23B7921C0090A11B /* ResponderChainDebugging.m */ = {isa = PBXFileReference; lastKnownFileType = sourcecode.c.objc; name = ResponderChainDebugging.m; path = ObjC/ResponderChainDebugging.m; sourceTree = "<group>"; };
		A54EFB0F23AADEB8001776A2 /* TextInput.swift */ = {isa = PBXFileReference; lastKnownFileType = sourcecode.swift; path = TextInput.swift; sourceTree = "<group>"; };
		A55D0B6F244B1EFC00492BE7 /* KeyboardScrollingDelegate.swift */ = {isa = PBXFileReference; lastKnownFileType = sourcecode.swift; path = KeyboardScrollingDelegate.swift; sourceTree = "<group>"; };
		A55D7AEF23C1108300302D79 /* KeyboardKitTests.xctest */ = {isa = PBXFileReference; explicitFileType = wrapper.cfbundle; includeInIndex = 0; path = KeyboardKitTests.xctest; sourceTree = BUILT_PRODUCTS_DIR; };
		A55D7AF123C1108300302D79 /* KeyboardKitTests.swift */ = {isa = PBXFileReference; lastKnownFileType = sourcecode.swift; path = KeyboardKitTests.swift; sourceTree = "<group>"; };
		A55D7AF323C1108300302D79 /* Info.plist */ = {isa = PBXFileReference; lastKnownFileType = text.plist.xml; path = Info.plist; sourceTree = "<group>"; };
		A55D7AFB23C26A1500302D79 /* Keyboard-Kit.podspec */ = {isa = PBXFileReference; lastKnownFileType = text; path = "Keyboard-Kit.podspec"; sourceTree = "<group>"; };
		A5671D5F2420CD1E0061B9DC /* de */ = {isa = PBXFileReference; lastKnownFileType = text.plist.strings; name = de; path = de.lproj/KeyboardKit.strings; sourceTree = "<group>"; };
		A5693A3B24B232A000F82CB6 /* Package.swift */ = {isa = PBXFileReference; lastKnownFileType = sourcecode.swift; path = Package.swift; sourceTree = "<group>"; };
		A56FFD522398718100E13773 /* KeyboardNavigationController.swift */ = {isa = PBXFileReference; lastKnownFileType = sourcecode.swift; path = KeyboardNavigationController.swift; sourceTree = "<group>"; };
		A56FFD54239871A800E13773 /* KeyboardBarButtonItem.swift */ = {isa = PBXFileReference; lastKnownFileType = sourcecode.swift; path = KeyboardBarButtonItem.swift; sourceTree = "<group>"; };
		A56FFD562398776C00E13773 /* BarButtonItem.h */ = {isa = PBXFileReference; lastKnownFileType = sourcecode.c.h; name = BarButtonItem.h; path = ObjC/BarButtonItem.h; sourceTree = "<group>"; };
		A56FFD572398776C00E13773 /* BarButtonItem.m */ = {isa = PBXFileReference; lastKnownFileType = sourcecode.c.objc; name = BarButtonItem.m; path = ObjC/BarButtonItem.m; sourceTree = "<group>"; };
		A56FFD5A2398778400E13773 /* KeyboardKit.h */ = {isa = PBXFileReference; lastKnownFileType = sourcecode.c.h; path = KeyboardKit.h; sourceTree = "<group>"; };
		A57A9A7D242186B0005425F9 /* fr */ = {isa = PBXFileReference; lastKnownFileType = text.plist.strings; name = fr; path = fr.lproj/KeyboardKit.strings; sourceTree = "<group>"; };
		A57A9A7E242188CB005425F9 /* en-GB */ = {isa = PBXFileReference; lastKnownFileType = text.plist.strings; name = "en-GB"; path = "en-GB.lproj/KeyboardKit.strings"; sourceTree = "<group>"; };
		A57A9A7F242189D1005425F9 /* en-AU */ = {isa = PBXFileReference; lastKnownFileType = text.plist.strings; name = "en-AU"; path = "en-AU.lproj/KeyboardKit.strings"; sourceTree = "<group>"; };
		A57A9A8124218A2C005425F9 /* zh-Hans */ = {isa = PBXFileReference; lastKnownFileType = text.plist.strings; name = "zh-Hans"; path = "zh-Hans.lproj/KeyboardKit.strings"; sourceTree = "<group>"; };
		A57A9A8224218A32005425F9 /* zh-Hant */ = {isa = PBXFileReference; lastKnownFileType = text.plist.strings; name = "zh-Hant"; path = "zh-Hant.lproj/KeyboardKit.strings"; sourceTree = "<group>"; };
		A57A9A8324218A39005425F9 /* zh-HK */ = {isa = PBXFileReference; lastKnownFileType = text.plist.strings; name = "zh-HK"; path = "zh-HK.lproj/KeyboardKit.strings"; sourceTree = "<group>"; };
		A57A9A8424218AAA005425F9 /* ja */ = {isa = PBXFileReference; lastKnownFileType = text.plist.strings; name = ja; path = ja.lproj/KeyboardKit.strings; sourceTree = "<group>"; };
		A57A9A8524218AB3005425F9 /* es */ = {isa = PBXFileReference; lastKnownFileType = text.plist.strings; name = es; path = es.lproj/KeyboardKit.strings; sourceTree = "<group>"; };
		A57A9A8624218AB9005425F9 /* es-419 */ = {isa = PBXFileReference; lastKnownFileType = text.plist.strings; name = "es-419"; path = "es-419.lproj/KeyboardKit.strings"; sourceTree = "<group>"; };
		A57A9A8724218AC6005425F9 /* fr-CA */ = {isa = PBXFileReference; lastKnownFileType = text.plist.strings; name = "fr-CA"; path = "fr-CA.lproj/KeyboardKit.strings"; sourceTree = "<group>"; };
		A57A9A8824218ACB005425F9 /* ru */ = {isa = PBXFileReference; lastKnownFileType = text.plist.strings; name = ru; path = ru.lproj/KeyboardKit.strings; sourceTree = "<group>"; };
		A57A9A8924218AD2005425F9 /* pt-BR */ = {isa = PBXFileReference; lastKnownFileType = text.plist.strings; name = "pt-BR"; path = "pt-BR.lproj/KeyboardKit.strings"; sourceTree = "<group>"; };
		A57A9A8A24218AD9005425F9 /* pt-PT */ = {isa = PBXFileReference; lastKnownFileType = text.plist.strings; name = "pt-PT"; path = "pt-PT.lproj/KeyboardKit.strings"; sourceTree = "<group>"; };
		A57A9A8B24218AE0005425F9 /* it */ = {isa = PBXFileReference; lastKnownFileType = text.plist.strings; name = it; path = it.lproj/KeyboardKit.strings; sourceTree = "<group>"; };
		A57A9A8C24218BB1005425F9 /* ko */ = {isa = PBXFileReference; lastKnownFileType = text.plist.strings; name = ko; path = ko.lproj/KeyboardKit.strings; sourceTree = "<group>"; };
		A57A9A8D24218BB8005425F9 /* tr */ = {isa = PBXFileReference; lastKnownFileType = text.plist.strings; name = tr; path = tr.lproj/KeyboardKit.strings; sourceTree = "<group>"; };
		A57A9A8E24218BBE005425F9 /* nl */ = {isa = PBXFileReference; lastKnownFileType = text.plist.strings; name = nl; path = nl.lproj/KeyboardKit.strings; sourceTree = "<group>"; };
		A57A9A8F24218BC4005425F9 /* ar */ = {isa = PBXFileReference; lastKnownFileType = text.plist.strings; name = ar; path = ar.lproj/KeyboardKit.strings; sourceTree = "<group>"; };
		A57A9A9024218BC9005425F9 /* th */ = {isa = PBXFileReference; lastKnownFileType = text.plist.strings; name = th; path = th.lproj/KeyboardKit.strings; sourceTree = "<group>"; };
		A57A9A9124218BCF005425F9 /* sv */ = {isa = PBXFileReference; lastKnownFileType = text.plist.strings; name = sv; path = sv.lproj/KeyboardKit.strings; sourceTree = "<group>"; };
		A57A9A9224218BD6005425F9 /* da */ = {isa = PBXFileReference; lastKnownFileType = text.plist.strings; name = da; path = da.lproj/KeyboardKit.strings; sourceTree = "<group>"; };
		A57A9A9324218BDC005425F9 /* vi */ = {isa = PBXFileReference; lastKnownFileType = text.plist.strings; name = vi; path = vi.lproj/KeyboardKit.strings; sourceTree = "<group>"; };
		A57A9A9424218BE1005425F9 /* nb */ = {isa = PBXFileReference; lastKnownFileType = text.plist.strings; name = nb; path = nb.lproj/KeyboardKit.strings; sourceTree = "<group>"; };
		A57A9A9524218BE6005425F9 /* pl */ = {isa = PBXFileReference; lastKnownFileType = text.plist.strings; name = pl; path = pl.lproj/KeyboardKit.strings; sourceTree = "<group>"; };
		A57A9A9624218BEB005425F9 /* fi */ = {isa = PBXFileReference; lastKnownFileType = text.plist.strings; name = fi; path = fi.lproj/KeyboardKit.strings; sourceTree = "<group>"; };
		A57A9A9724218BF1005425F9 /* id */ = {isa = PBXFileReference; lastKnownFileType = text.plist.strings; name = id; path = id.lproj/KeyboardKit.strings; sourceTree = "<group>"; };
		A57A9A9824218BF6005425F9 /* he */ = {isa = PBXFileReference; lastKnownFileType = text.plist.strings; name = he; path = he.lproj/KeyboardKit.strings; sourceTree = "<group>"; };
		A57A9A9924218BFB005425F9 /* el */ = {isa = PBXFileReference; lastKnownFileType = text.plist.strings; name = el; path = el.lproj/KeyboardKit.strings; sourceTree = "<group>"; };
		A57A9A9A24218C00005425F9 /* ro */ = {isa = PBXFileReference; lastKnownFileType = text.plist.strings; name = ro; path = ro.lproj/KeyboardKit.strings; sourceTree = "<group>"; };
		A57A9A9B24218C08005425F9 /* hu */ = {isa = PBXFileReference; lastKnownFileType = text.plist.strings; name = hu; path = hu.lproj/KeyboardKit.strings; sourceTree = "<group>"; };
		A57A9A9C24218C0D005425F9 /* cs */ = {isa = PBXFileReference; lastKnownFileType = text.plist.strings; name = cs; path = cs.lproj/KeyboardKit.strings; sourceTree = "<group>"; };
		A57A9A9D24218C1A005425F9 /* ca */ = {isa = PBXFileReference; lastKnownFileType = text.plist.strings; name = ca; path = ca.lproj/KeyboardKit.strings; sourceTree = "<group>"; };
		A57A9A9E24218C20005425F9 /* sk */ = {isa = PBXFileReference; lastKnownFileType = text.plist.strings; name = sk; path = sk.lproj/KeyboardKit.strings; sourceTree = "<group>"; };
		A57A9A9F24218C25005425F9 /* uk */ = {isa = PBXFileReference; lastKnownFileType = text.plist.strings; name = uk; path = uk.lproj/KeyboardKit.strings; sourceTree = "<group>"; };
		A57A9AA024218C2A005425F9 /* hr */ = {isa = PBXFileReference; lastKnownFileType = text.plist.strings; name = hr; path = hr.lproj/KeyboardKit.strings; sourceTree = "<group>"; };
		A57A9AA124218C2F005425F9 /* ms */ = {isa = PBXFileReference; lastKnownFileType = text.plist.strings; name = ms; path = ms.lproj/KeyboardKit.strings; sourceTree = "<group>"; };
		A57A9AA224218C34005425F9 /* hi */ = {isa = PBXFileReference; lastKnownFileType = text.plist.strings; name = hi; path = hi.lproj/KeyboardKit.strings; sourceTree = "<group>"; };
		A57A9AA52421961B005425F9 /* en */ = {isa = PBXFileReference; lastKnownFileType = text.plist.strings; name = en; path = en.lproj/LaunchScreen.strings; sourceTree = "<group>"; };
		A57A9AA724219627005425F9 /* ar */ = {isa = PBXFileReference; lastKnownFileType = text.plist.strings; name = ar; path = ar.lproj/LaunchScreen.strings; sourceTree = "<group>"; };
		A57A9AA924219627005425F9 /* ca */ = {isa = PBXFileReference; lastKnownFileType = text.plist.strings; name = ca; path = ca.lproj/LaunchScreen.strings; sourceTree = "<group>"; };
		A57A9AAB24219628005425F9 /* zh-HK */ = {isa = PBXFileReference; lastKnownFileType = text.plist.strings; name = "zh-HK"; path = "zh-HK.lproj/LaunchScreen.strings"; sourceTree = "<group>"; };
		A57A9AAD24219629005425F9 /* zh-Hans */ = {isa = PBXFileReference; lastKnownFileType = text.plist.strings; name = "zh-Hans"; path = "zh-Hans.lproj/LaunchScreen.strings"; sourceTree = "<group>"; };
		A57A9AAF24219629005425F9 /* zh-Hant */ = {isa = PBXFileReference; lastKnownFileType = text.plist.strings; name = "zh-Hant"; path = "zh-Hant.lproj/LaunchScreen.strings"; sourceTree = "<group>"; };
		A57A9AB12421962A005425F9 /* hr */ = {isa = PBXFileReference; lastKnownFileType = text.plist.strings; name = hr; path = hr.lproj/LaunchScreen.strings; sourceTree = "<group>"; };
		A57A9AB32421962A005425F9 /* cs */ = {isa = PBXFileReference; lastKnownFileType = text.plist.strings; name = cs; path = cs.lproj/LaunchScreen.strings; sourceTree = "<group>"; };
		A57A9AB52421962B005425F9 /* da */ = {isa = PBXFileReference; lastKnownFileType = text.plist.strings; name = da; path = da.lproj/LaunchScreen.strings; sourceTree = "<group>"; };
		A57A9AB72421962B005425F9 /* nl */ = {isa = PBXFileReference; lastKnownFileType = text.plist.strings; name = nl; path = nl.lproj/LaunchScreen.strings; sourceTree = "<group>"; };
		A57A9AB92421962C005425F9 /* en-AU */ = {isa = PBXFileReference; lastKnownFileType = text.plist.strings; name = "en-AU"; path = "en-AU.lproj/LaunchScreen.strings"; sourceTree = "<group>"; };
		A57A9ABB2421962C005425F9 /* en-GB */ = {isa = PBXFileReference; lastKnownFileType = text.plist.strings; name = "en-GB"; path = "en-GB.lproj/LaunchScreen.strings"; sourceTree = "<group>"; };
		A57A9ABD2421962D005425F9 /* fi */ = {isa = PBXFileReference; lastKnownFileType = text.plist.strings; name = fi; path = fi.lproj/LaunchScreen.strings; sourceTree = "<group>"; };
		A57A9ABF2421962D005425F9 /* fr */ = {isa = PBXFileReference; lastKnownFileType = text.plist.strings; name = fr; path = fr.lproj/LaunchScreen.strings; sourceTree = "<group>"; };
		A57A9AC12421962E005425F9 /* fr-CA */ = {isa = PBXFileReference; lastKnownFileType = text.plist.strings; name = "fr-CA"; path = "fr-CA.lproj/LaunchScreen.strings"; sourceTree = "<group>"; };
		A57A9AC32421962E005425F9 /* de */ = {isa = PBXFileReference; lastKnownFileType = text.plist.strings; name = de; path = de.lproj/LaunchScreen.strings; sourceTree = "<group>"; };
		A57A9AC52421962F005425F9 /* el */ = {isa = PBXFileReference; lastKnownFileType = text.plist.strings; name = el; path = el.lproj/LaunchScreen.strings; sourceTree = "<group>"; };
		A57A9AC724219630005425F9 /* he */ = {isa = PBXFileReference; lastKnownFileType = text.plist.strings; name = he; path = he.lproj/LaunchScreen.strings; sourceTree = "<group>"; };
		A57A9AC924219630005425F9 /* hi */ = {isa = PBXFileReference; lastKnownFileType = text.plist.strings; name = hi; path = hi.lproj/LaunchScreen.strings; sourceTree = "<group>"; };
		A57A9ACB24219631005425F9 /* hu */ = {isa = PBXFileReference; lastKnownFileType = text.plist.strings; name = hu; path = hu.lproj/LaunchScreen.strings; sourceTree = "<group>"; };
		A57A9ACD24219631005425F9 /* id */ = {isa = PBXFileReference; lastKnownFileType = text.plist.strings; name = id; path = id.lproj/LaunchScreen.strings; sourceTree = "<group>"; };
		A57A9ACF24219633005425F9 /* it */ = {isa = PBXFileReference; lastKnownFileType = text.plist.strings; name = it; path = it.lproj/LaunchScreen.strings; sourceTree = "<group>"; };
		A57A9AD124219633005425F9 /* ja */ = {isa = PBXFileReference; lastKnownFileType = text.plist.strings; name = ja; path = ja.lproj/LaunchScreen.strings; sourceTree = "<group>"; };
		A57A9AD324219634005425F9 /* ko */ = {isa = PBXFileReference; lastKnownFileType = text.plist.strings; name = ko; path = ko.lproj/LaunchScreen.strings; sourceTree = "<group>"; };
		A57A9AD524219634005425F9 /* ms */ = {isa = PBXFileReference; lastKnownFileType = text.plist.strings; name = ms; path = ms.lproj/LaunchScreen.strings; sourceTree = "<group>"; };
		A57A9AD724219635005425F9 /* nb */ = {isa = PBXFileReference; lastKnownFileType = text.plist.strings; name = nb; path = nb.lproj/LaunchScreen.strings; sourceTree = "<group>"; };
		A57A9AD924219635005425F9 /* pl */ = {isa = PBXFileReference; lastKnownFileType = text.plist.strings; name = pl; path = pl.lproj/LaunchScreen.strings; sourceTree = "<group>"; };
		A57A9ADB24219636005425F9 /* pt-BR */ = {isa = PBXFileReference; lastKnownFileType = text.plist.strings; name = "pt-BR"; path = "pt-BR.lproj/LaunchScreen.strings"; sourceTree = "<group>"; };
		A57A9ADD24219637005425F9 /* pt-PT */ = {isa = PBXFileReference; lastKnownFileType = text.plist.strings; name = "pt-PT"; path = "pt-PT.lproj/LaunchScreen.strings"; sourceTree = "<group>"; };
		A57A9ADF24219637005425F9 /* ro */ = {isa = PBXFileReference; lastKnownFileType = text.plist.strings; name = ro; path = ro.lproj/LaunchScreen.strings; sourceTree = "<group>"; };
		A57A9AE124219638005425F9 /* ru */ = {isa = PBXFileReference; lastKnownFileType = text.plist.strings; name = ru; path = ru.lproj/LaunchScreen.strings; sourceTree = "<group>"; };
		A57A9AE324219638005425F9 /* sk */ = {isa = PBXFileReference; lastKnownFileType = text.plist.strings; name = sk; path = sk.lproj/LaunchScreen.strings; sourceTree = "<group>"; };
		A57A9AE524219639005425F9 /* es */ = {isa = PBXFileReference; lastKnownFileType = text.plist.strings; name = es; path = es.lproj/LaunchScreen.strings; sourceTree = "<group>"; };
		A57A9AE724219639005425F9 /* es-419 */ = {isa = PBXFileReference; lastKnownFileType = text.plist.strings; name = "es-419"; path = "es-419.lproj/LaunchScreen.strings"; sourceTree = "<group>"; };
		A57A9AE92421963A005425F9 /* sv */ = {isa = PBXFileReference; lastKnownFileType = text.plist.strings; name = sv; path = sv.lproj/LaunchScreen.strings; sourceTree = "<group>"; };
		A57A9AEB2421963B005425F9 /* th */ = {isa = PBXFileReference; lastKnownFileType = text.plist.strings; name = th; path = th.lproj/LaunchScreen.strings; sourceTree = "<group>"; };
		A57A9AED2421963B005425F9 /* tr */ = {isa = PBXFileReference; lastKnownFileType = text.plist.strings; name = tr; path = tr.lproj/LaunchScreen.strings; sourceTree = "<group>"; };
		A57A9AEF2421963C005425F9 /* uk */ = {isa = PBXFileReference; lastKnownFileType = text.plist.strings; name = uk; path = uk.lproj/LaunchScreen.strings; sourceTree = "<group>"; };
		A57A9AF12421963D005425F9 /* vi */ = {isa = PBXFileReference; lastKnownFileType = text.plist.strings; name = vi; path = vi.lproj/LaunchScreen.strings; sourceTree = "<group>"; };
		A5880D0223A5A24200A6E4DF /* SelectableCollectionKeyHandler.swift */ = {isa = PBXFileReference; lastKnownFileType = sourcecode.swift; path = SelectableCollectionKeyHandler.swift; sourceTree = "<group>"; };
		A59855012439CE6B008DB610 /* CHANGELOG.md */ = {isa = PBXFileReference; lastKnownFileType = net.daringfireball.markdown; path = CHANGELOG.md; sourceTree = "<group>"; };
		A5A1667C23B0461E00E5C3FD /* KeyInputStrings.swift */ = {isa = PBXFileReference; lastKnownFileType = sourcecode.swift; path = KeyInputStrings.swift; sourceTree = "<group>"; };
		A5B7C109242F9EA900B48595 /* KeyboardKitClassicDemo.app */ = {isa = PBXFileReference; explicitFileType = wrapper.application; includeInIndex = 0; path = KeyboardKitClassicDemo.app; sourceTree = BUILT_PRODUCTS_DIR; };
		A5B7C10B242F9EA900B48595 /* AppDelegate.h */ = {isa = PBXFileReference; lastKnownFileType = sourcecode.c.h; path = AppDelegate.h; sourceTree = "<group>"; };
		A5B7C10C242F9EA900B48595 /* AppDelegate.m */ = {isa = PBXFileReference; lastKnownFileType = sourcecode.c.objc; path = AppDelegate.m; sourceTree = "<group>"; };
		A5B7C111242F9EA900B48595 /* ClassicDemoViewController.h */ = {isa = PBXFileReference; lastKnownFileType = sourcecode.c.h; path = ClassicDemoViewController.h; sourceTree = "<group>"; };
		A5B7C112242F9EA900B48595 /* ClassicDemoViewController.m */ = {isa = PBXFileReference; lastKnownFileType = sourcecode.c.objc; path = ClassicDemoViewController.m; sourceTree = "<group>"; };
		A5B7C117242F9EAB00B48595 /* Assets.xcassets */ = {isa = PBXFileReference; lastKnownFileType = folder.assetcatalog; path = Assets.xcassets; sourceTree = "<group>"; };
		A5B7C11A242F9EAB00B48595 /* Base */ = {isa = PBXFileReference; lastKnownFileType = file.storyboard; name = Base; path = Base.lproj/LaunchScreen.storyboard; sourceTree = "<group>"; };
		A5B7C11C242F9EAB00B48595 /* Info.plist */ = {isa = PBXFileReference; lastKnownFileType = text.plist.xml; path = Info.plist; sourceTree = "<group>"; };
		A5B7C11D242F9EAB00B48595 /* main.m */ = {isa = PBXFileReference; lastKnownFileType = sourcecode.c.objc; path = main.m; sourceTree = "<group>"; };
		A5CDD2182394396D00EFF38A /* CirclesScrollViewController.swift */ = {isa = PBXFileReference; lastKnownFileType = sourcecode.swift; path = CirclesScrollViewController.swift; sourceTree = "<group>"; };
		A5CEF29623982F9F0099A19D /* PagingScrollViewController.swift */ = {isa = PBXFileReference; fileEncoding = 4; lastKnownFileType = sourcecode.swift; path = PagingScrollViewController.swift; sourceTree = "<group>"; };
		A5CEF298239837EC0099A19D /* README.md */ = {isa = PBXFileReference; lastKnownFileType = net.daringfireball.markdown; path = README.md; sourceTree = "<group>"; };
		A5D20F3D23787DA80057A8EE /* main.swift */ = {isa = PBXFileReference; lastKnownFileType = sourcecode.swift; path = main.swift; sourceTree = "<group>"; };
		A5D20F43237E9AE90057A8EE /* KeyboardScrollView.swift */ = {isa = PBXFileReference; lastKnownFileType = sourcecode.swift; path = KeyboardScrollView.swift; sourceTree = "<group>"; };
		A5D8C55723A392A600733DD4 /* KeyboardWindow.swift */ = {isa = PBXFileReference; lastKnownFileType = sourcecode.swift; path = KeyboardWindow.swift; sourceTree = "<group>"; };
		A5D8C55923A44BBC00733DD4 /* ScrollViewKeyHandler.swift */ = {isa = PBXFileReference; lastKnownFileType = sourcecode.swift; path = ScrollViewKeyHandler.swift; sourceTree = "<group>"; };
		A5D8C55D23A4ED0F00733DD4 /* InjectableResponder.swift */ = {isa = PBXFileReference; lastKnownFileType = sourcecode.swift; path = InjectableResponder.swift; sourceTree = "<group>"; };
		A5E3D37624C39041008C1FDB /* PartialParentViewController.swift */ = {isa = PBXFileReference; fileEncoding = 4; lastKnownFileType = sourcecode.swift; path = PartialParentViewController.swift; sourceTree = "<group>"; };
		A5E3D37724C39041008C1FDB /* SidebarAndTabBarController.swift */ = {isa = PBXFileReference; fileEncoding = 4; lastKnownFileType = sourcecode.swift; path = SidebarAndTabBarController.swift; sourceTree = "<group>"; };
		A5E3D37824C39041008C1FDB /* SidebarViewController.swift */ = {isa = PBXFileReference; fileEncoding = 4; lastKnownFileType = sourcecode.swift; path = SidebarViewController.swift; sourceTree = "<group>"; };
		A5E53897239B036F004A2EE2 /* LocalisedStrings.swift */ = {isa = PBXFileReference; fileEncoding = 4; lastKnownFileType = sourcecode.swift; path = LocalisedStrings.swift; sourceTree = "<group>"; };
		A5E53899239B036F004A2EE2 /* LocalisedStringKeys.swift */ = {isa = PBXFileReference; fileEncoding = 4; lastKnownFileType = sourcecode.swift; path = LocalisedStringKeys.swift; sourceTree = "<group>"; };
		A5E5389A239B036F004A2EE2 /* UpdateLocalisedStringKeys.swift */ = {isa = PBXFileReference; fileEncoding = 4; lastKnownFileType = sourcecode.swift; path = UpdateLocalisedStringKeys.swift; sourceTree = "<group>"; };
		A5E538A0239B0387004A2EE2 /* en */ = {isa = PBXFileReference; lastKnownFileType = text.plist.strings; name = en; path = en.lproj/KeyboardKit.strings; sourceTree = "<group>"; };
		A5E538A3239B0596004A2EE2 /* KeyboardWindowScene.swift */ = {isa = PBXFileReference; fileEncoding = 4; lastKnownFileType = sourcecode.swift; path = KeyboardWindowScene.swift; sourceTree = "<group>"; };
		A5E538A4239B0596004A2EE2 /* KeyboardApplication.swift */ = {isa = PBXFileReference; fileEncoding = 4; lastKnownFileType = sourcecode.swift; path = KeyboardApplication.swift; sourceTree = "<group>"; };
		A5E538A9239BF644004A2EE2 /* KeyboardTextView.swift */ = {isa = PBXFileReference; lastKnownFileType = sourcecode.swift; path = KeyboardTextView.swift; sourceTree = "<group>"; };
		A5E538C5239BFB85004A2EE2 /* TextViewController.swift */ = {isa = PBXFileReference; lastKnownFileType = sourcecode.swift; path = TextViewController.swift; sourceTree = "<group>"; };
/* End PBXFileReference section */

/* Begin PBXFrameworksBuildPhase section */
		A53ADFE62375AA1600B07957 /* Frameworks */ = {
			isa = PBXFrameworksBuildPhase;
			buildActionMask = 2147483647;
			files = (
				A53AE00C2375AAAE00B07957 /* KeyboardKit.framework in Frameworks */,
			);
			runOnlyForDeploymentPostprocessing = 0;
		};
		A53AE0022375AAAE00B07957 /* Frameworks */ = {
			isa = PBXFrameworksBuildPhase;
			buildActionMask = 2147483647;
			files = (
			);
			runOnlyForDeploymentPostprocessing = 0;
		};
		A55D7AEC23C1108300302D79 /* Frameworks */ = {
			isa = PBXFrameworksBuildPhase;
			buildActionMask = 2147483647;
			files = (
				A55D7AF423C1108300302D79 /* KeyboardKit.framework in Frameworks */,
			);
			runOnlyForDeploymentPostprocessing = 0;
		};
		A5B7C106242F9EA900B48595 /* Frameworks */ = {
			isa = PBXFrameworksBuildPhase;
			buildActionMask = 2147483647;
			files = (
				A5B7C123242FA10D00B48595 /* KeyboardKit.framework in Frameworks */,
			);
			runOnlyForDeploymentPostprocessing = 0;
		};
/* End PBXFrameworksBuildPhase section */

/* Begin PBXGroup section */
		A53ADFE02375AA1600B07957 = {
			isa = PBXGroup;
			children = (
				A5CEF298239837EC0099A19D /* README.md */,
				A59855012439CE6B008DB610 /* CHANGELOG.md */,
				A5693A3B24B232A000F82CB6 /* Package.swift */,
				A55D7AFB23C26A1500302D79 /* Keyboard-Kit.podspec */,
				A53AE0062375AAAE00B07957 /* KeyboardKit */,
				A53ADFEB2375AA1600B07957 /* KeyboardKitDemo */,
				A5B7C10A242F9EA900B48595 /* KeyboardKitClassicDemo */,
				A55D7AF023C1108300302D79 /* KeyboardKitTests */,
				A53ADFEA2375AA1600B07957 /* Products */,
			);
			sourceTree = "<group>";
		};
		A53ADFEA2375AA1600B07957 /* Products */ = {
			isa = PBXGroup;
			children = (
				A53ADFE92375AA1600B07957 /* KeyboardKitDemo.app */,
				A53AE0052375AAAE00B07957 /* KeyboardKit.framework */,
				A55D7AEF23C1108300302D79 /* KeyboardKitTests.xctest */,
				A5B7C109242F9EA900B48595 /* KeyboardKitClassicDemo.app */,
			);
			name = Products;
			sourceTree = "<group>";
		};
		A53ADFEB2375AA1600B07957 /* KeyboardKitDemo */ = {
			isa = PBXGroup;
			children = (
				A5D20F3D23787DA80057A8EE /* main.swift */,
				A53ADFEE2375AA1600B07957 /* SceneDelegate.swift */,
				A5E3D37724C39041008C1FDB /* SidebarAndTabBarController.swift */,
				A5E3D37824C39041008C1FDB /* SidebarViewController.swift */,
				A5E3D37624C39041008C1FDB /* PartialParentViewController.swift */,
				A53EA62A239F04E80065C8EB /* FirstResponderViewController.swift */,
				A53AE01C23786CDC00B07957 /* SimpleListViewController.swift */,
				A53AE01E23786CDC00B07957 /* FlowLayoutViewController.swift */,
				A5CDD2182394396D00EFF38A /* CirclesScrollViewController.swift */,
				A5CEF29623982F9F0099A19D /* PagingScrollViewController.swift */,
				A5E538C5239BFB85004A2EE2 /* TextViewController.swift */,
				A53ADFF52375AA1700B07957 /* Assets.xcassets */,
				A53ADFF72375AA1700B07957 /* LaunchScreen.storyboard */,
				A53ADFFA2375AA1700B07957 /* Info.plist */,
			);
			path = KeyboardKitDemo;
			sourceTree = "<group>";
		};
		A53AE0062375AAAE00B07957 /* KeyboardKit */ = {
			isa = PBXGroup;
			children = (
				A53AE01623786CD000B07957 /* KeyboardTableView.swift */,
				A53AE01523786CD000B07957 /* KeyboardCollectionView.swift */,
				A5880D0223A5A24200A6E4DF /* SelectableCollectionKeyHandler.swift */,
				A5D20F43237E9AE90057A8EE /* KeyboardScrollView.swift */,
				A55D0B6F244B1EFC00492BE7 /* KeyboardScrollingDelegate.swift */,
				A5D8C55923A44BBC00733DD4 /* ScrollViewKeyHandler.swift */,
				A5E538A9239BF644004A2EE2 /* KeyboardTextView.swift */,
				A53AE01323786CD000B07957 /* KeyboardTabBarController.swift */,
				A56FFD522398718100E13773 /* KeyboardNavigationController.swift */,
				A56FFD54239871A800E13773 /* KeyboardBarButtonItem.swift */,
				A5D8C55723A392A600733DD4 /* KeyboardWindow.swift */,
				A5E538A3239B0596004A2EE2 /* KeyboardWindowScene.swift */,
				A5E538A4239B0596004A2EE2 /* KeyboardApplication.swift */,
				A5D8C55D23A4ED0F00733DD4 /* InjectableResponder.swift */,
				A542D89B23A01DC8007E68C3 /* PointAnimator.swift */,
				A53AE01223786CD000B07957 /* KeyCommandCreation.swift */,
				A5A1667C23B0461E00E5C3FD /* KeyInputStrings.swift */,
				A54EFB0F23AADEB8001776A2 /* TextInput.swift */,
				A56FFD5A2398778400E13773 /* KeyboardKit.h */,
				A56FFD562398776C00E13773 /* BarButtonItem.h */,
				A56FFD572398776C00E13773 /* BarButtonItem.m */,
				A54D2DFA23B7921C0090A11B /* ResponderChainDebugging.m */,
				A5E53897239B036F004A2EE2 /* LocalisedStrings.swift */,
				A5E53899239B036F004A2EE2 /* LocalisedStringKeys.swift */,
				A5E538A1239B0387004A2EE2 /* KeyboardKit.strings */,
				A53AE0082375AAAE00B07957 /* Info.plist */,
				A5E5389A239B036F004A2EE2 /* UpdateLocalisedStringKeys.swift */,
			);
			path = KeyboardKit;
			sourceTree = "<group>";
		};
		A55D7AF023C1108300302D79 /* KeyboardKitTests */ = {
			isa = PBXGroup;
			children = (
				A55D7AF123C1108300302D79 /* KeyboardKitTests.swift */,
				A55D7AF323C1108300302D79 /* Info.plist */,
			);
			path = KeyboardKitTests;
			sourceTree = "<group>";
		};
		A5B7C10A242F9EA900B48595 /* KeyboardKitClassicDemo */ = {
			isa = PBXGroup;
			children = (
				A5B7C11D242F9EAB00B48595 /* main.m */,
				A5B7C10B242F9EA900B48595 /* AppDelegate.h */,
				A5B7C10C242F9EA900B48595 /* AppDelegate.m */,
				A5B7C111242F9EA900B48595 /* ClassicDemoViewController.h */,
				A5B7C112242F9EA900B48595 /* ClassicDemoViewController.m */,
				A5B7C117242F9EAB00B48595 /* Assets.xcassets */,
				A5B7C119242F9EAB00B48595 /* LaunchScreen.storyboard */,
				A5B7C11C242F9EAB00B48595 /* Info.plist */,
			);
			path = KeyboardKitClassicDemo;
			sourceTree = "<group>";
		};
/* End PBXGroup section */

/* Begin PBXHeadersBuildPhase section */
		A53AE0002375AAAE00B07957 /* Headers */ = {
			isa = PBXHeadersBuildPhase;
			buildActionMask = 2147483647;
			files = (
				A56FFD5B2398779000E13773 /* KeyboardKit.h in Headers */,
				A56FFD582398776C00E13773 /* BarButtonItem.h in Headers */,
			);
			runOnlyForDeploymentPostprocessing = 0;
		};
/* End PBXHeadersBuildPhase section */

/* Begin PBXNativeTarget section */
		A53ADFE82375AA1600B07957 /* KeyboardKitDemo */ = {
			isa = PBXNativeTarget;
			buildConfigurationList = A53ADFFD2375AA1700B07957 /* Build configuration list for PBXNativeTarget "KeyboardKitDemo" */;
			buildPhases = (
				A53ADFE52375AA1600B07957 /* Sources */,
				A53ADFE62375AA1600B07957 /* Frameworks */,
				A53ADFE72375AA1600B07957 /* Resources */,
				A53AE0112375AAAE00B07957 /* Embed Frameworks */,
			);
			buildRules = (
			);
			dependencies = (
				A53AE00B2375AAAE00B07957 /* PBXTargetDependency */,
			);
			name = KeyboardKitDemo;
			productName = KeyboardKitDemo;
			productReference = A53ADFE92375AA1600B07957 /* KeyboardKitDemo.app */;
			productType = "com.apple.product-type.application";
		};
		A53AE0042375AAAE00B07957 /* KeyboardKit */ = {
			isa = PBXNativeTarget;
			buildConfigurationList = A53AE00E2375AAAE00B07957 /* Build configuration list for PBXNativeTarget "KeyboardKit" */;
			buildPhases = (
				A5E538A2239B03FB004A2EE2 /* Update localised string keys */,
				A53AE0002375AAAE00B07957 /* Headers */,
				A53AE0012375AAAE00B07957 /* Sources */,
				A53AE0022375AAAE00B07957 /* Frameworks */,
				A53AE0032375AAAE00B07957 /* Resources */,
			);
			buildRules = (
			);
			dependencies = (
			);
			name = KeyboardKit;
			productName = KeyboardKit;
			productReference = A53AE0052375AAAE00B07957 /* KeyboardKit.framework */;
			productType = "com.apple.product-type.framework";
		};
		A55D7AEE23C1108300302D79 /* KeyboardKitTests */ = {
			isa = PBXNativeTarget;
			buildConfigurationList = A55D7AF923C1108300302D79 /* Build configuration list for PBXNativeTarget "KeyboardKitTests" */;
			buildPhases = (
				A55D7AEB23C1108300302D79 /* Sources */,
				A55D7AEC23C1108300302D79 /* Frameworks */,
				A55D7AED23C1108300302D79 /* Resources */,
			);
			buildRules = (
			);
			dependencies = (
				A55D7AF623C1108300302D79 /* PBXTargetDependency */,
			);
			name = KeyboardKitTests;
			productName = KeyboardKitTests;
			productReference = A55D7AEF23C1108300302D79 /* KeyboardKitTests.xctest */;
			productType = "com.apple.product-type.bundle.unit-test";
		};
		A5B7C108242F9EA900B48595 /* KeyboardKitClassicDemo */ = {
			isa = PBXNativeTarget;
			buildConfigurationList = A5B7C121242F9EAB00B48595 /* Build configuration list for PBXNativeTarget "KeyboardKitClassicDemo" */;
			buildPhases = (
				A5B7C105242F9EA900B48595 /* Sources */,
				A5B7C106242F9EA900B48595 /* Frameworks */,
				A5B7C107242F9EA900B48595 /* Resources */,
				A5B7C127242FA10D00B48595 /* Embed Frameworks */,
			);
			buildRules = (
			);
			dependencies = (
				A5B7C126242FA10D00B48595 /* PBXTargetDependency */,
			);
			name = KeyboardKitClassicDemo;
			productName = KeyboardKitClassicDemo;
			productReference = A5B7C109242F9EA900B48595 /* KeyboardKitClassicDemo.app */;
			productType = "com.apple.product-type.application";
		};
/* End PBXNativeTarget section */

/* Begin PBXProject section */
		A53ADFE12375AA1600B07957 /* Project object */ = {
			isa = PBXProject;
			attributes = {
				CLASSPREFIX = KBD;
				LastSwiftUpdateCheck = 1130;
				LastUpgradeCheck = 1200;
				ORGANIZATIONNAME = "Douglas Hill";
				TargetAttributes = {
					A53ADFE82375AA1600B07957 = {
						CreatedOnToolsVersion = 11.1;
					};
					A53AE0042375AAAE00B07957 = {
						CreatedOnToolsVersion = 11.1;
						LastSwiftMigration = 1120;
					};
					A55D7AEE23C1108300302D79 = {
						CreatedOnToolsVersion = 11.3;
					};
					A5B7C108242F9EA900B48595 = {
						CreatedOnToolsVersion = 11.4;
					};
				};
			};
			buildConfigurationList = A53ADFE42375AA1600B07957 /* Build configuration list for PBXProject "KeyboardKit" */;
			compatibilityVersion = "Xcode 9.3";
			developmentRegion = en;
			hasScannedForEncodings = 0;
			knownRegions = (
				en,
				Base,
				de,
				fr,
				"en-GB",
				"en-AU",
				"zh-Hans",
				"zh-Hant",
				"zh-HK",
				ja,
				es,
				"es-419",
				"fr-CA",
				ru,
				"pt-BR",
				"pt-PT",
				it,
				ko,
				tr,
				nl,
				ar,
				th,
				sv,
				da,
				vi,
				nb,
				pl,
				fi,
				id,
				he,
				el,
				ro,
				hu,
				cs,
				ca,
				sk,
				uk,
				hr,
				ms,
				hi,
			);
			mainGroup = A53ADFE02375AA1600B07957;
			productRefGroup = A53ADFEA2375AA1600B07957 /* Products */;
			projectDirPath = "";
			projectRoot = "";
			targets = (
				A53AE0042375AAAE00B07957 /* KeyboardKit */,
				A53ADFE82375AA1600B07957 /* KeyboardKitDemo */,
				A5B7C108242F9EA900B48595 /* KeyboardKitClassicDemo */,
				A55D7AEE23C1108300302D79 /* KeyboardKitTests */,
			);
		};
/* End PBXProject section */

/* Begin PBXResourcesBuildPhase section */
		A53ADFE72375AA1600B07957 /* Resources */ = {
			isa = PBXResourcesBuildPhase;
			buildActionMask = 2147483647;
			files = (
				A53ADFF92375AA1700B07957 /* LaunchScreen.storyboard in Resources */,
				A53ADFF62375AA1700B07957 /* Assets.xcassets in Resources */,
			);
			runOnlyForDeploymentPostprocessing = 0;
		};
		A53AE0032375AAAE00B07957 /* Resources */ = {
			isa = PBXResourcesBuildPhase;
			buildActionMask = 2147483647;
			files = (
				A5E5389F239B0387004A2EE2 /* KeyboardKit.strings in Resources */,
			);
			runOnlyForDeploymentPostprocessing = 0;
		};
		A55D7AED23C1108300302D79 /* Resources */ = {
			isa = PBXResourcesBuildPhase;
			buildActionMask = 2147483647;
			files = (
			);
			runOnlyForDeploymentPostprocessing = 0;
		};
		A5B7C107242F9EA900B48595 /* Resources */ = {
			isa = PBXResourcesBuildPhase;
			buildActionMask = 2147483647;
			files = (
				A5B7C11B242F9EAB00B48595 /* LaunchScreen.storyboard in Resources */,
				A5B7C118242F9EAB00B48595 /* Assets.xcassets in Resources */,
			);
			runOnlyForDeploymentPostprocessing = 0;
		};
/* End PBXResourcesBuildPhase section */

/* Begin PBXShellScriptBuildPhase section */
		A5E538A2239B03FB004A2EE2 /* Update localised string keys */ = {
			isa = PBXShellScriptBuildPhase;
			buildActionMask = 2147483647;
			files = (
			);
			inputFileListPaths = (
			);
			inputPaths = (
				"$(SRCROOT)/KeyboardKit/Localised/en.lproj/KeyboardKit.strings",
				"$(SRCROOT)/KeyboardKit/UpdateLocalisedStringKeys.swift",
			);
			name = "Update localised string keys";
			outputFileListPaths = (
			);
			outputPaths = (
				"$(SRCROOT)/KeyboardKit/LocalisedStringKeys.swift",
			);
			runOnlyForDeploymentPostprocessing = 0;
			shellPath = /bin/sh;
			shellScript = "${PROJECT_DIR}/KeyboardKit/UpdateLocalisedStringKeys.swift\n";
		};
/* End PBXShellScriptBuildPhase section */

/* Begin PBXSourcesBuildPhase section */
		A53ADFE52375AA1600B07957 /* Sources */ = {
			isa = PBXSourcesBuildPhase;
			buildActionMask = 2147483647;
			files = (
				A53AE02223786CDC00B07957 /* FlowLayoutViewController.swift in Sources */,
				A5D20F3E23787DA80057A8EE /* main.swift in Sources */,
				A5E3D37A24C39041008C1FDB /* SidebarAndTabBarController.swift in Sources */,
				A5CDD2192394396D00EFF38A /* CirclesScrollViewController.swift in Sources */,
				A5E538C6239BFB85004A2EE2 /* TextViewController.swift in Sources */,
				A53EA62B239F04E80065C8EB /* FirstResponderViewController.swift in Sources */,
				A5E3D37924C39041008C1FDB /* PartialParentViewController.swift in Sources */,
				A53AE02023786CDC00B07957 /* SimpleListViewController.swift in Sources */,
				A53ADFEF2375AA1600B07957 /* SceneDelegate.swift in Sources */,
				A5E3D37B24C39041008C1FDB /* SidebarViewController.swift in Sources */,
				A5CEF29723982F9F0099A19D /* PagingScrollViewController.swift in Sources */,
			);
			runOnlyForDeploymentPostprocessing = 0;
		};
		A53AE0012375AAAE00B07957 /* Sources */ = {
			isa = PBXSourcesBuildPhase;
			buildActionMask = 2147483647;
			files = (
				A55D0B70244B1EFC00492BE7 /* KeyboardScrollingDelegate.swift in Sources */,
				A56FFD55239871A800E13773 /* KeyboardBarButtonItem.swift in Sources */,
				A56FFD592398776C00E13773 /* BarButtonItem.m in Sources */,
				A5880D0323A5A24200A6E4DF /* SelectableCollectionKeyHandler.swift in Sources */,
				A5D8C55A23A44BBC00733DD4 /* ScrollViewKeyHandler.swift in Sources */,
				A5E538A5239B0596004A2EE2 /* KeyboardWindowScene.swift in Sources */,
				A542D89C23A01DC8007E68C3 /* PointAnimator.swift in Sources */,
				A54EFB1023AADEB8001776A2 /* TextInput.swift in Sources */,
				A5D8C55823A392A600733DD4 /* KeyboardWindow.swift in Sources */,
				A5A1667D23B0461E00E5C3FD /* KeyInputStrings.swift in Sources */,
				A5E538A6239B0596004A2EE2 /* KeyboardApplication.swift in Sources */,
				A53AE01823786CD000B07957 /* KeyboardTabBarController.swift in Sources */,
				A53AE01723786CD000B07957 /* KeyCommandCreation.swift in Sources */,
				A5D8C55E23A4ED0F00733DD4 /* InjectableResponder.swift in Sources */,
				A5E538AA239BF644004A2EE2 /* KeyboardTextView.swift in Sources */,
				A5D20F44237E9AE90057A8EE /* KeyboardScrollView.swift in Sources */,
				A53AE01A23786CD000B07957 /* KeyboardCollectionView.swift in Sources */,
				A56FFD532398718100E13773 /* KeyboardNavigationController.swift in Sources */,
				A53AE01B23786CD000B07957 /* KeyboardTableView.swift in Sources */,
				A5E5389B239B036F004A2EE2 /* LocalisedStrings.swift in Sources */,
				A5E5389D239B036F004A2EE2 /* LocalisedStringKeys.swift in Sources */,
			);
			runOnlyForDeploymentPostprocessing = 0;
		};
		A55D7AEB23C1108300302D79 /* Sources */ = {
			isa = PBXSourcesBuildPhase;
			buildActionMask = 2147483647;
			files = (
				A55D7AF223C1108300302D79 /* KeyboardKitTests.swift in Sources */,
			);
			runOnlyForDeploymentPostprocessing = 0;
		};
		A5B7C105242F9EA900B48595 /* Sources */ = {
			isa = PBXSourcesBuildPhase;
			buildActionMask = 2147483647;
			files = (
				A5B7C113242F9EA900B48595 /* ClassicDemoViewController.m in Sources */,
				A5B7C10D242F9EA900B48595 /* AppDelegate.m in Sources */,
				A5B7C11E242F9EAB00B48595 /* main.m in Sources */,
			);
			runOnlyForDeploymentPostprocessing = 0;
		};
/* End PBXSourcesBuildPhase section */

/* Begin PBXTargetDependency section */
		A53AE00B2375AAAE00B07957 /* PBXTargetDependency */ = {
			isa = PBXTargetDependency;
			target = A53AE0042375AAAE00B07957 /* KeyboardKit */;
			targetProxy = A53AE00A2375AAAE00B07957 /* PBXContainerItemProxy */;
		};
		A55D7AF623C1108300302D79 /* PBXTargetDependency */ = {
			isa = PBXTargetDependency;
			target = A53AE0042375AAAE00B07957 /* KeyboardKit */;
			targetProxy = A55D7AF523C1108300302D79 /* PBXContainerItemProxy */;
		};
		A5B7C126242FA10D00B48595 /* PBXTargetDependency */ = {
			isa = PBXTargetDependency;
			target = A53AE0042375AAAE00B07957 /* KeyboardKit */;
			targetProxy = A5B7C125242FA10D00B48595 /* PBXContainerItemProxy */;
		};
/* End PBXTargetDependency section */

/* Begin PBXVariantGroup section */
		A53ADFF72375AA1700B07957 /* LaunchScreen.storyboard */ = {
			isa = PBXVariantGroup;
			children = (
				A53ADFF82375AA1700B07957 /* Base */,
				A57A9AA52421961B005425F9 /* en */,
				A57A9AA724219627005425F9 /* ar */,
				A57A9AA924219627005425F9 /* ca */,
				A57A9AAB24219628005425F9 /* zh-HK */,
				A57A9AAD24219629005425F9 /* zh-Hans */,
				A57A9AAF24219629005425F9 /* zh-Hant */,
				A57A9AB12421962A005425F9 /* hr */,
				A57A9AB32421962A005425F9 /* cs */,
				A57A9AB52421962B005425F9 /* da */,
				A57A9AB72421962B005425F9 /* nl */,
				A57A9AB92421962C005425F9 /* en-AU */,
				A57A9ABB2421962C005425F9 /* en-GB */,
				A57A9ABD2421962D005425F9 /* fi */,
				A57A9ABF2421962D005425F9 /* fr */,
				A57A9AC12421962E005425F9 /* fr-CA */,
				A57A9AC32421962E005425F9 /* de */,
				A57A9AC52421962F005425F9 /* el */,
				A57A9AC724219630005425F9 /* he */,
				A57A9AC924219630005425F9 /* hi */,
				A57A9ACB24219631005425F9 /* hu */,
				A57A9ACD24219631005425F9 /* id */,
				A57A9ACF24219633005425F9 /* it */,
				A57A9AD124219633005425F9 /* ja */,
				A57A9AD324219634005425F9 /* ko */,
				A57A9AD524219634005425F9 /* ms */,
				A57A9AD724219635005425F9 /* nb */,
				A57A9AD924219635005425F9 /* pl */,
				A57A9ADB24219636005425F9 /* pt-BR */,
				A57A9ADD24219637005425F9 /* pt-PT */,
				A57A9ADF24219637005425F9 /* ro */,
				A57A9AE124219638005425F9 /* ru */,
				A57A9AE324219638005425F9 /* sk */,
				A57A9AE524219639005425F9 /* es */,
				A57A9AE724219639005425F9 /* es-419 */,
				A57A9AE92421963A005425F9 /* sv */,
				A57A9AEB2421963B005425F9 /* th */,
				A57A9AED2421963B005425F9 /* tr */,
				A57A9AEF2421963C005425F9 /* uk */,
				A57A9AF12421963D005425F9 /* vi */,
			);
			name = LaunchScreen.storyboard;
			sourceTree = "<group>";
		};
		A5B7C119242F9EAB00B48595 /* LaunchScreen.storyboard */ = {
			isa = PBXVariantGroup;
			children = (
				A5B7C11A242F9EAB00B48595 /* Base */,
			);
			name = LaunchScreen.storyboard;
			sourceTree = "<group>";
		};
		A5E538A1239B0387004A2EE2 /* KeyboardKit.strings */ = {
			isa = PBXVariantGroup;
			children = (
				A5E538A0239B0387004A2EE2 /* en */,
				A5671D5F2420CD1E0061B9DC /* de */,
				A57A9A7D242186B0005425F9 /* fr */,
				A57A9A7E242188CB005425F9 /* en-GB */,
				A57A9A7F242189D1005425F9 /* en-AU */,
				A57A9A8124218A2C005425F9 /* zh-Hans */,
				A57A9A8224218A32005425F9 /* zh-Hant */,
				A57A9A8324218A39005425F9 /* zh-HK */,
				A57A9A8424218AAA005425F9 /* ja */,
				A57A9A8524218AB3005425F9 /* es */,
				A57A9A8624218AB9005425F9 /* es-419 */,
				A57A9A8724218AC6005425F9 /* fr-CA */,
				A57A9A8824218ACB005425F9 /* ru */,
				A57A9A8924218AD2005425F9 /* pt-BR */,
				A57A9A8A24218AD9005425F9 /* pt-PT */,
				A57A9A8B24218AE0005425F9 /* it */,
				A57A9A8C24218BB1005425F9 /* ko */,
				A57A9A8D24218BB8005425F9 /* tr */,
				A57A9A8E24218BBE005425F9 /* nl */,
				A57A9A8F24218BC4005425F9 /* ar */,
				A57A9A9024218BC9005425F9 /* th */,
				A57A9A9124218BCF005425F9 /* sv */,
				A57A9A9224218BD6005425F9 /* da */,
				A57A9A9324218BDC005425F9 /* vi */,
				A57A9A9424218BE1005425F9 /* nb */,
				A57A9A9524218BE6005425F9 /* pl */,
				A57A9A9624218BEB005425F9 /* fi */,
				A57A9A9724218BF1005425F9 /* id */,
				A57A9A9824218BF6005425F9 /* he */,
				A57A9A9924218BFB005425F9 /* el */,
				A57A9A9A24218C00005425F9 /* ro */,
				A57A9A9B24218C08005425F9 /* hu */,
				A57A9A9C24218C0D005425F9 /* cs */,
				A57A9A9D24218C1A005425F9 /* ca */,
				A57A9A9E24218C20005425F9 /* sk */,
				A57A9A9F24218C25005425F9 /* uk */,
				A57A9AA024218C2A005425F9 /* hr */,
				A57A9AA124218C2F005425F9 /* ms */,
				A57A9AA224218C34005425F9 /* hi */,
			);
			name = KeyboardKit.strings;
			path = Localised;
			sourceTree = "<group>";
		};
/* End PBXVariantGroup section */

/* Begin XCBuildConfiguration section */
		A53ADFFB2375AA1700B07957 /* Debug */ = {
			isa = XCBuildConfiguration;
			buildSettings = {
				ALWAYS_SEARCH_USER_PATHS = NO;
				CLANG_ANALYZER_LOCALIZABILITY_NONLOCALIZED = YES;
				CLANG_ANALYZER_NONNULL = YES;
				CLANG_ANALYZER_NUMBER_OBJECT_CONVERSION = YES_AGGRESSIVE;
				CLANG_CXX_LANGUAGE_STANDARD = "gnu++14";
				CLANG_CXX_LIBRARY = "libc++";
				CLANG_ENABLE_MODULES = YES;
				CLANG_ENABLE_OBJC_ARC = YES;
				CLANG_ENABLE_OBJC_WEAK = YES;
				CLANG_WARN_BLOCK_CAPTURE_AUTORELEASING = YES;
				CLANG_WARN_BOOL_CONVERSION = YES;
				CLANG_WARN_COMMA = YES;
				CLANG_WARN_CONSTANT_CONVERSION = YES;
				CLANG_WARN_DEPRECATED_OBJC_IMPLEMENTATIONS = YES;
				CLANG_WARN_DIRECT_OBJC_ISA_USAGE = YES_ERROR;
				CLANG_WARN_DOCUMENTATION_COMMENTS = YES;
				CLANG_WARN_EMPTY_BODY = YES;
				CLANG_WARN_ENUM_CONVERSION = YES;
				CLANG_WARN_INFINITE_RECURSION = YES;
				CLANG_WARN_INT_CONVERSION = YES;
				CLANG_WARN_NON_LITERAL_NULL_CONVERSION = YES;
				CLANG_WARN_OBJC_IMPLICIT_RETAIN_SELF = YES;
				CLANG_WARN_OBJC_LITERAL_CONVERSION = YES;
				CLANG_WARN_OBJC_ROOT_CLASS = YES_ERROR;
				CLANG_WARN_QUOTED_INCLUDE_IN_FRAMEWORK_HEADER = YES;
				CLANG_WARN_RANGE_LOOP_ANALYSIS = YES;
				CLANG_WARN_STRICT_PROTOTYPES = YES;
				CLANG_WARN_SUSPICIOUS_MOVE = YES;
				CLANG_WARN_UNGUARDED_AVAILABILITY = YES_AGGRESSIVE;
				CLANG_WARN_UNREACHABLE_CODE = YES;
				CLANG_WARN__DUPLICATE_METHOD_MATCH = YES;
				COPY_PHASE_STRIP = NO;
				DEBUG_INFORMATION_FORMAT = dwarf;
				ENABLE_STRICT_OBJC_MSGSEND = YES;
				ENABLE_TESTABILITY = YES;
				GCC_C_LANGUAGE_STANDARD = gnu11;
				GCC_DYNAMIC_NO_PIC = NO;
				GCC_NO_COMMON_BLOCKS = YES;
				GCC_OPTIMIZATION_LEVEL = 0;
				GCC_PREPROCESSOR_DEFINITIONS = (
					"DEBUG=1",
					"$(inherited)",
				);
				GCC_WARN_64_TO_32_BIT_CONVERSION = YES;
				GCC_WARN_ABOUT_RETURN_TYPE = YES_ERROR;
				GCC_WARN_UNDECLARED_SELECTOR = YES;
				GCC_WARN_UNINITIALIZED_AUTOS = YES_AGGRESSIVE;
				GCC_WARN_UNUSED_FUNCTION = YES;
				GCC_WARN_UNUSED_VARIABLE = YES;
				MTL_ENABLE_DEBUG_INFO = INCLUDE_SOURCE;
				MTL_FAST_MATH = YES;
				ONLY_ACTIVE_ARCH = YES;
				SDKROOT = iphoneos;
				SWIFT_ACTIVE_COMPILATION_CONDITIONS = DEBUG;
				SWIFT_OPTIMIZATION_LEVEL = "-Onone";
			};
			name = Debug;
		};
		A53ADFFC2375AA1700B07957 /* Release */ = {
			isa = XCBuildConfiguration;
			buildSettings = {
				ALWAYS_SEARCH_USER_PATHS = NO;
				CLANG_ANALYZER_LOCALIZABILITY_NONLOCALIZED = YES;
				CLANG_ANALYZER_NONNULL = YES;
				CLANG_ANALYZER_NUMBER_OBJECT_CONVERSION = YES_AGGRESSIVE;
				CLANG_CXX_LANGUAGE_STANDARD = "gnu++14";
				CLANG_CXX_LIBRARY = "libc++";
				CLANG_ENABLE_MODULES = YES;
				CLANG_ENABLE_OBJC_ARC = YES;
				CLANG_ENABLE_OBJC_WEAK = YES;
				CLANG_WARN_BLOCK_CAPTURE_AUTORELEASING = YES;
				CLANG_WARN_BOOL_CONVERSION = YES;
				CLANG_WARN_COMMA = YES;
				CLANG_WARN_CONSTANT_CONVERSION = YES;
				CLANG_WARN_DEPRECATED_OBJC_IMPLEMENTATIONS = YES;
				CLANG_WARN_DIRECT_OBJC_ISA_USAGE = YES_ERROR;
				CLANG_WARN_DOCUMENTATION_COMMENTS = YES;
				CLANG_WARN_EMPTY_BODY = YES;
				CLANG_WARN_ENUM_CONVERSION = YES;
				CLANG_WARN_INFINITE_RECURSION = YES;
				CLANG_WARN_INT_CONVERSION = YES;
				CLANG_WARN_NON_LITERAL_NULL_CONVERSION = YES;
				CLANG_WARN_OBJC_IMPLICIT_RETAIN_SELF = YES;
				CLANG_WARN_OBJC_LITERAL_CONVERSION = YES;
				CLANG_WARN_OBJC_ROOT_CLASS = YES_ERROR;
				CLANG_WARN_QUOTED_INCLUDE_IN_FRAMEWORK_HEADER = YES;
				CLANG_WARN_RANGE_LOOP_ANALYSIS = YES;
				CLANG_WARN_STRICT_PROTOTYPES = YES;
				CLANG_WARN_SUSPICIOUS_MOVE = YES;
				CLANG_WARN_UNGUARDED_AVAILABILITY = YES_AGGRESSIVE;
				CLANG_WARN_UNREACHABLE_CODE = YES;
				CLANG_WARN__DUPLICATE_METHOD_MATCH = YES;
				COPY_PHASE_STRIP = NO;
				DEBUG_INFORMATION_FORMAT = "dwarf-with-dsym";
				ENABLE_NS_ASSERTIONS = NO;
				ENABLE_STRICT_OBJC_MSGSEND = YES;
				GCC_C_LANGUAGE_STANDARD = gnu11;
				GCC_NO_COMMON_BLOCKS = YES;
				GCC_WARN_64_TO_32_BIT_CONVERSION = YES;
				GCC_WARN_ABOUT_RETURN_TYPE = YES_ERROR;
				GCC_WARN_UNDECLARED_SELECTOR = YES;
				GCC_WARN_UNINITIALIZED_AUTOS = YES_AGGRESSIVE;
				GCC_WARN_UNUSED_FUNCTION = YES;
				GCC_WARN_UNUSED_VARIABLE = YES;
				MTL_ENABLE_DEBUG_INFO = NO;
				MTL_FAST_MATH = YES;
				SDKROOT = iphoneos;
				SWIFT_COMPILATION_MODE = wholemodule;
				SWIFT_OPTIMIZATION_LEVEL = "-O";
				VALIDATE_PRODUCT = YES;
			};
			name = Release;
		};
		A53ADFFE2375AA1700B07957 /* Debug */ = {
			isa = XCBuildConfiguration;
			buildSettings = {
				ALWAYS_EMBED_SWIFT_STANDARD_LIBRARIES = YES;
				ASSETCATALOG_COMPILER_APPICON_NAME = AppIcon;
				CODE_SIGN_STYLE = Automatic;
				DEVELOPMENT_TEAM = 3A8QT46Z78;
				INFOPLIST_FILE = KeyboardKitDemo/Info.plist;
				IPHONEOS_DEPLOYMENT_TARGET = 14.0;
				LD_RUNPATH_SEARCH_PATHS = (
					"$(inherited)",
					"@executable_path/Frameworks",
				);
				PRODUCT_BUNDLE_IDENTIFIER = co.douglashill.KeyboardKitDemo;
				PRODUCT_NAME = "$(TARGET_NAME)";
				SWIFT_VERSION = 5.0;
				TARGETED_DEVICE_FAMILY = "1,2";
			};
			name = Debug;
		};
		A53ADFFF2375AA1700B07957 /* Release */ = {
			isa = XCBuildConfiguration;
			buildSettings = {
				ALWAYS_EMBED_SWIFT_STANDARD_LIBRARIES = YES;
				ASSETCATALOG_COMPILER_APPICON_NAME = AppIcon;
				CODE_SIGN_STYLE = Automatic;
				DEVELOPMENT_TEAM = 3A8QT46Z78;
				INFOPLIST_FILE = KeyboardKitDemo/Info.plist;
				IPHONEOS_DEPLOYMENT_TARGET = 14.0;
				LD_RUNPATH_SEARCH_PATHS = (
					"$(inherited)",
					"@executable_path/Frameworks",
				);
				PRODUCT_BUNDLE_IDENTIFIER = co.douglashill.KeyboardKitDemo;
				PRODUCT_NAME = "$(TARGET_NAME)";
				SWIFT_VERSION = 5.0;
				TARGETED_DEVICE_FAMILY = "1,2";
			};
			name = Release;
		};
		A53AE00F2375AAAE00B07957 /* Debug */ = {
			isa = XCBuildConfiguration;
			buildSettings = {
				CLANG_ENABLE_MODULES = YES;
				CODE_SIGN_STYLE = Automatic;
				CURRENT_PROJECT_VERSION = 1;
				DEFINES_MODULE = YES;
				DEVELOPMENT_TEAM = "";
				DYLIB_COMPATIBILITY_VERSION = 1;
				DYLIB_CURRENT_VERSION = 1;
				DYLIB_INSTALL_NAME_BASE = "@rpath";
				INFOPLIST_FILE = KeyboardKit/Info.plist;
				INSTALL_PATH = "$(LOCAL_LIBRARY_DIR)/Frameworks";
				IPHONEOS_DEPLOYMENT_TARGET = 11.0;
				LD_RUNPATH_SEARCH_PATHS = (
					"$(inherited)",
					"@executable_path/Frameworks",
					"@loader_path/Frameworks",
				);
				PRODUCT_BUNDLE_IDENTIFIER = co.douglashill.KeyboardKit;
				PRODUCT_NAME = "$(TARGET_NAME:c99extidentifier)";
				SKIP_INSTALL = YES;
				SWIFT_OPTIMIZATION_LEVEL = "-Onone";
				SWIFT_VERSION = 5.0;
				TARGETED_DEVICE_FAMILY = "1,2";
				VERSIONING_SYSTEM = "apple-generic";
				VERSION_INFO_PREFIX = "";
			};
			name = Debug;
		};
		A53AE0102375AAAE00B07957 /* Release */ = {
			isa = XCBuildConfiguration;
			buildSettings = {
				CLANG_ENABLE_MODULES = YES;
				CODE_SIGN_STYLE = Automatic;
				CURRENT_PROJECT_VERSION = 1;
				DEFINES_MODULE = YES;
				DEVELOPMENT_TEAM = "";
				DYLIB_COMPATIBILITY_VERSION = 1;
				DYLIB_CURRENT_VERSION = 1;
				DYLIB_INSTALL_NAME_BASE = "@rpath";
				INFOPLIST_FILE = KeyboardKit/Info.plist;
				INSTALL_PATH = "$(LOCAL_LIBRARY_DIR)/Frameworks";
				IPHONEOS_DEPLOYMENT_TARGET = 11.0;
				LD_RUNPATH_SEARCH_PATHS = (
					"$(inherited)",
					"@executable_path/Frameworks",
					"@loader_path/Frameworks",
				);
				PRODUCT_BUNDLE_IDENTIFIER = co.douglashill.KeyboardKit;
				PRODUCT_NAME = "$(TARGET_NAME:c99extidentifier)";
				SKIP_INSTALL = YES;
				SWIFT_VERSION = 5.0;
				TARGETED_DEVICE_FAMILY = "1,2";
				VERSIONING_SYSTEM = "apple-generic";
				VERSION_INFO_PREFIX = "";
			};
			name = Release;
		};
		A55D7AF723C1108300302D79 /* Debug */ = {
			isa = XCBuildConfiguration;
			buildSettings = {
				CODE_SIGN_STYLE = Automatic;
				DEVELOPMENT_TEAM = 3A8QT46Z78;
				INFOPLIST_FILE = KeyboardKitTests/Info.plist;
				IPHONEOS_DEPLOYMENT_TARGET = 13.2;
				LD_RUNPATH_SEARCH_PATHS = (
					"$(inherited)",
					"@executable_path/Frameworks",
					"@loader_path/Frameworks",
				);
				PRODUCT_BUNDLE_IDENTIFIER = co.douglashill.KeyboardKitTests;
				PRODUCT_NAME = "$(TARGET_NAME)";
				SWIFT_VERSION = 5.0;
				TARGETED_DEVICE_FAMILY = "1,2";
			};
			name = Debug;
		};
		A55D7AF823C1108300302D79 /* Release */ = {
			isa = XCBuildConfiguration;
			buildSettings = {
				CODE_SIGN_STYLE = Automatic;
				DEVELOPMENT_TEAM = 3A8QT46Z78;
				INFOPLIST_FILE = KeyboardKitTests/Info.plist;
				IPHONEOS_DEPLOYMENT_TARGET = 13.2;
				LD_RUNPATH_SEARCH_PATHS = (
					"$(inherited)",
					"@executable_path/Frameworks",
					"@loader_path/Frameworks",
				);
				PRODUCT_BUNDLE_IDENTIFIER = co.douglashill.KeyboardKitTests;
				PRODUCT_NAME = "$(TARGET_NAME)";
				SWIFT_VERSION = 5.0;
				TARGETED_DEVICE_FAMILY = "1,2";
			};
			name = Release;
		};
		A5B7C11F242F9EAB00B48595 /* Debug */ = {
			isa = XCBuildConfiguration;
			buildSettings = {
				ALWAYS_EMBED_SWIFT_STANDARD_LIBRARIES = YES;
				ASSETCATALOG_COMPILER_APPICON_NAME = AppIcon;
				CODE_SIGN_STYLE = Automatic;
				DEVELOPMENT_TEAM = 3A8QT46Z78;
				INFOPLIST_FILE = KeyboardKitClassicDemo/Info.plist;
				IPHONEOS_DEPLOYMENT_TARGET = 11.0;
				LD_RUNPATH_SEARCH_PATHS = (
					"$(inherited)",
					"@executable_path/Frameworks",
				);
				PRODUCT_BUNDLE_IDENTIFIER = co.douglashill.KeyboardKitClassicDemo;
				PRODUCT_NAME = "$(TARGET_NAME)";
				TARGETED_DEVICE_FAMILY = "1,2";
			};
			name = Debug;
		};
		A5B7C120242F9EAB00B48595 /* Release */ = {
			isa = XCBuildConfiguration;
			buildSettings = {
				ALWAYS_EMBED_SWIFT_STANDARD_LIBRARIES = YES;
				ASSETCATALOG_COMPILER_APPICON_NAME = AppIcon;
				CODE_SIGN_STYLE = Automatic;
				DEVELOPMENT_TEAM = 3A8QT46Z78;
				INFOPLIST_FILE = KeyboardKitClassicDemo/Info.plist;
				IPHONEOS_DEPLOYMENT_TARGET = 11.0;
				LD_RUNPATH_SEARCH_PATHS = (
					"$(inherited)",
					"@executable_path/Frameworks",
				);
				PRODUCT_BUNDLE_IDENTIFIER = co.douglashill.KeyboardKitClassicDemo;
				PRODUCT_NAME = "$(TARGET_NAME)";
				TARGETED_DEVICE_FAMILY = "1,2";
			};
			name = Release;
		};
/* End XCBuildConfiguration section */

/* Begin XCConfigurationList section */
		A53ADFE42375AA1600B07957 /* Build configuration list for PBXProject "KeyboardKit" */ = {
			isa = XCConfigurationList;
			buildConfigurations = (
				A53ADFFB2375AA1700B07957 /* Debug */,
				A53ADFFC2375AA1700B07957 /* Release */,
			);
			defaultConfigurationIsVisible = 0;
			defaultConfigurationName = Release;
		};
		A53ADFFD2375AA1700B07957 /* Build configuration list for PBXNativeTarget "KeyboardKitDemo" */ = {
			isa = XCConfigurationList;
			buildConfigurations = (
				A53ADFFE2375AA1700B07957 /* Debug */,
				A53ADFFF2375AA1700B07957 /* Release */,
			);
			defaultConfigurationIsVisible = 0;
			defaultConfigurationName = Release;
		};
		A53AE00E2375AAAE00B07957 /* Build configuration list for PBXNativeTarget "KeyboardKit" */ = {
			isa = XCConfigurationList;
			buildConfigurations = (
				A53AE00F2375AAAE00B07957 /* Debug */,
				A53AE0102375AAAE00B07957 /* Release */,
			);
			defaultConfigurationIsVisible = 0;
			defaultConfigurationName = Release;
		};
		A55D7AF923C1108300302D79 /* Build configuration list for PBXNativeTarget "KeyboardKitTests" */ = {
			isa = XCConfigurationList;
			buildConfigurations = (
				A55D7AF723C1108300302D79 /* Debug */,
				A55D7AF823C1108300302D79 /* Release */,
			);
			defaultConfigurationIsVisible = 0;
			defaultConfigurationName = Release;
		};
		A5B7C121242F9EAB00B48595 /* Build configuration list for PBXNativeTarget "KeyboardKitClassicDemo" */ = {
			isa = XCConfigurationList;
			buildConfigurations = (
				A5B7C11F242F9EAB00B48595 /* Debug */,
				A5B7C120242F9EAB00B48595 /* Release */,
			);
			defaultConfigurationIsVisible = 0;
			defaultConfigurationName = Release;
		};
/* End XCConfigurationList section */
	};
	rootObject = A53ADFE12375AA1600B07957 /* Project object */;
}
